
Microsoft Visual Studio Solution File, Format Version 12.00
# Visual Studio 14
VisualStudioVersion = 14.0.25420.1
MinimumVisualStudioVersion = 10.0.40219.1
Project("{FAE04EC0-301F-11D3-BF4B-00C04F79EFBC}") = "WebPublica", "WebPublica\WebPublica.csproj", "{7B2FBEFF-651E-46DF-BC72-AAAAAC6D654D}"
EndProject
Project("{FAE04EC0-301F-11D3-BF4B-00C04F79EFBC}") = "ServiciosWebPublica", "ServiciosWebPublica\ServiciosWebPublica.csproj", "{15BC9E49-FA3E-464F-A63E-79E911203F29}"
EndProject
Project("{FAE04EC0-301F-11D3-BF4B-00C04F79EFBC}") = "EntidadesWeb", "EntidadesWeb\EntidadesWeb.csproj", "{F4362BF5-3D0F-4B66-BF9E-7AF4DC55FCC4}"
EndProject
Project("{FAE04EC0-301F-11D3-BF4B-00C04F79EFBC}") = "ContratosWeb", "ContratosWeb\ContratosWeb.csproj", "{4E853789-4F1C-47C0-832D-745439714B3C}"
EndProject
Project("{FAE04EC0-301F-11D3-BF4B-00C04F79EFBC}") = "MensajesWeb", "MensajesWeb\MensajesWeb.csproj", "{925FEC3D-F81F-4CA4-B98E-0443EB1F42E7}"
EndProject
Project("{FAE04EC0-301F-11D3-BF4B-00C04F79EFBC}") = "Criptografia", "Criptografia\Criptografia.csproj", "{434630E5-EF71-42F6-957D-39A310EE12C0}"
EndProject
Project("{FAE04EC0-301F-11D3-BF4B-00C04F79EFBC}") = "WebConfirmacion", "WebConfirmacion\WebConfirmacion.csproj", "{EA61A1C1-8912-4D11-8169-70A5E21D30C3}"
EndProject
Project("{2150E333-8FDC-42A3-9474-1A3956D46DE8}") = "AccesoDatos", "AccesoDatos", "{0E1591CA-AE92-4726-ABBB-EFBAAD58EE1A}"
EndProject
Project("{FAE04EC0-301F-11D3-BF4B-00C04F79EFBC}") = "AccesoDatos.Inventario", "AccesoDatos\AccesoDatos.Inventario\AccesoDatos.Inventario.csproj", "{40F82E5B-A730-4397-BA30-3B94664477E9}"
EndProject
Project("{FAE04EC0-301F-11D3-BF4B-00C04F79EFBC}") = "AccesoDatos.Busquedas", "AccesoDatos\AccesoDatos.Busquedas\AccesoDatos.Busquedas.csproj", "{B0A55BD8-2B95-4DE4-A7C5-30346AE0D9CE}"
EndProject
Project("{FAE04EC0-301F-11D3-BF4B-00C04F79EFBC}") = "AccesoDatos.WebPublica", "AccesoDatos\AcessoDatos.WebPublica\AccesoDatos.WebPublica.csproj", "{A1F178DA-8F6E-43AD-93C8-0E40C309E1F0}"
EndProject
Project("{FAE04EC0-301F-11D3-BF4B-00C04F79EFBC}") = "AccesoDatos.Facturacion", "AccesoDatos\AccesoDatos.Facturacion\AccesoDatos.Facturacion.csproj", "{22E80C55-EA4B-4074-82BE-C031BFC51C43}"
EndProject
Project("{FAE04EC0-301F-11D3-BF4B-00C04F79EFBC}") = "AccesoDatos.TablasMaestras", "AccesoDatos\AccesoDatos.TablasMaestras\AccesoDatos.TablasMaestras.csproj", "{A981D17F-F005-47F2-A65D-DFF6E37CDBD3}"
EndProject
Project("{2150E333-8FDC-42A3-9474-1A3956D46DE8}") = "BaseDeDatos", "BaseDeDatos", "{D9770643-7163-486B-A791-54725F41D2CE}"
EndProject
Project("{00D1A9C2-B5F0-4AF3-8072-F6C62B433612}") = "BaseDeDatos", "BaseDeDatos\BaseDeDatos.sqlproj", "{77C3AE6E-B10F-4545-A810-607B148FEDB1}"
EndProject
Project("{2150E333-8FDC-42A3-9474-1A3956D46DE8}") = "ComponentesExternos", "ComponentesExternos", "{FD3E4F60-1455-45BC-B532-C5C241F4CD9E}"
	ProjectSection(SolutionItems) = preProject
		ComponentesExternos\AjaxControlToolkit.dll = ComponentesExternos\AjaxControlToolkit.dll
		ComponentesExternos\AjaxMin.dll = ComponentesExternos\AjaxMin.dll
		ComponentesExternos\itextsharp.dll = ComponentesExternos\itextsharp.dll
		ComponentesExternos\itextsharp.pdfa.dll = ComponentesExternos\itextsharp.pdfa.dll
		ComponentesExternos\itextsharp.xtra.dll = ComponentesExternos\itextsharp.xtra.dll
		ComponentesExternos\Mercadopago_Punto_Net.zip = ComponentesExternos\Mercadopago_Punto_Net.zip
		ComponentesExternos\microsoft system clr types for sql server 2014.msi = ComponentesExternos\microsoft system clr types for sql server 2014.msi
		ComponentesExternos\reportviewer runtime 2015.msi = ComponentesExternos\reportviewer runtime 2015.msi
	EndProjectSection
EndProject
Project("{2150E333-8FDC-42A3-9474-1A3956D46DE8}") = "BarcodeRenderingFramework", "BarcodeRenderingFramework", "{06A2973C-9FF9-44DF-B983-6BDA7DBC0519}"
	ProjectSection(SolutionItems) = preProject
		ComponentesExternos\BarcodeRenderingFramework\Barcode.Render.Release.3.1.10729.zip = ComponentesExternos\BarcodeRenderingFramework\Barcode.Render.Release.3.1.10729.zip
		ComponentesExternos\BarcodeRenderingFramework\Zen.Barcode.Core.dll = ComponentesExternos\BarcodeRenderingFramework\Zen.Barcode.Core.dll
		ComponentesExternos\BarcodeRenderingFramework\ZenBarcode.chm = ComponentesExternos\BarcodeRenderingFramework\ZenBarcode.chm
	EndProjectSection
EndProject
Project("{FAE04EC0-301F-11D3-BF4B-00C04F79EFBC}") = "Contratos", "Contratos\Contratos.csproj", "{D2FE776F-3778-43AC-B17B-8214D600883C}"
EndProject
Project("{FAE04EC0-301F-11D3-BF4B-00C04F79EFBC}") = "Entidades", "Entidades\Entidades.csproj", "{E084D248-7AB7-4329-8845-BEE2594F86E9}"
EndProject
Project("{2150E333-8FDC-42A3-9474-1A3956D46DE8}") = "Fachada", "Fachada", "{19BEE7E1-1295-4EAB-8FB9-727CEE55D7D4}"
EndProject
Project("{FAE04EC0-301F-11D3-BF4B-00C04F79EFBC}") = "Fachada.Busquedas", "Fachada\Fachada.Busquedas\Fachada.Busquedas.csproj", "{41623147-FCA7-4591-9170-00C81442777B}"
	ProjectSection(ProjectDependencies) = postProject
		{15BC9E49-FA3E-464F-A63E-79E911203F29} = {15BC9E49-FA3E-464F-A63E-79E911203F29}
		{6555F5C0-B3FA-4D4E-9A0C-7B6FEB54061B} = {6555F5C0-B3FA-4D4E-9A0C-7B6FEB54061B}
	EndProjectSection
EndProject
Project("{FAE04EC0-301F-11D3-BF4B-00C04F79EFBC}") = "Fachada.Facturacion", "Fachada\Fachada.Facturacion\Fachada.Facturacion.csproj", "{D7BCF119-040C-4C76-8392-913838E9CF21}"
	ProjectSection(ProjectDependencies) = postProject
		{6555F5C0-B3FA-4D4E-9A0C-7B6FEB54061B} = {6555F5C0-B3FA-4D4E-9A0C-7B6FEB54061B}
	EndProjectSection
EndProject
Project("{FAE04EC0-301F-11D3-BF4B-00C04F79EFBC}") = "Fachada.Inventario", "Fachada\Fachada.Inventario\Fachada.Inventario.csproj", "{FA1B2503-9758-449A-83C8-9A741786A2A3}"
	ProjectSection(ProjectDependencies) = postProject
		{6555F5C0-B3FA-4D4E-9A0C-7B6FEB54061B} = {6555F5C0-B3FA-4D4E-9A0C-7B6FEB54061B}
	EndProjectSection
EndProject
Project("{FAE04EC0-301F-11D3-BF4B-00C04F79EFBC}") = "Fachada.TablasMaestras", "Fachada\Fachada.TablasMaestras\Fachada.TablasMaestras.csproj", "{60B4D595-3689-4E29-BDA1-21912BA32231}"
	ProjectSection(ProjectDependencies) = postProject
		{6555F5C0-B3FA-4D4E-9A0C-7B6FEB54061B} = {6555F5C0-B3FA-4D4E-9A0C-7B6FEB54061B}
	EndProjectSection
EndProject
Project("{FAE04EC0-301F-11D3-BF4B-00C04F79EFBC}") = "Fachada.WebPublica", "Fachada\Fachada.WebPublica\Fachada.WebPublica.csproj", "{4EE56908-53CB-4A50-BAE0-7B1DA48B41B5}"
	ProjectSection(ProjectDependencies) = postProject
		{15BC9E49-FA3E-464F-A63E-79E911203F29} = {15BC9E49-FA3E-464F-A63E-79E911203F29}
	EndProjectSection
EndProject
Project("{FAE04EC0-301F-11D3-BF4B-00C04F79EFBC}") = "Logging", "Logging\Logging.csproj", "{025D37AF-05ED-4AEE-B4EB-64F8633F8912}"
EndProject
Project("{FAE04EC0-301F-11D3-BF4B-00C04F79EFBC}") = "Mensajes", "Mensajes\Mensajes.csproj", "{42CCEADB-DC5E-465B-8ECE-E50EFCF30175}"
EndProject
Project("{F088123C-0E9E-452A-89E6-6BA2F21D5CAC}") = "Modelado", "Modelado\Modelado.modelproj", "{CFDA02D5-286A-47AC-83FC-D51EC5AA79FA}"
EndProject
Project("{2150E333-8FDC-42A3-9474-1A3956D46DE8}") = "Presentacion", "Presentacion", "{EF4EDB83-806C-4B10-8146-68D8A1B44C95}"
EndProject
Project("{FAE04EC0-301F-11D3-BF4B-00C04F79EFBC}") = "Presentacion.Busquedas", "Presentacion\Presentacion.Busquedas\Presentacion.Busquedas.csproj", "{1711ED94-83DB-44CD-A837-62D3384BC9A7}"
EndProject
Project("{FAE04EC0-301F-11D3-BF4B-00C04F79EFBC}") = "Presentacion.Facturacion", "Presentacion\Presentacion.Facturacion\Presentacion.Facturacion.csproj", "{7D09816B-36A7-42EA-92A1-CACE3CAAA380}"
EndProject
Project("{FAE04EC0-301F-11D3-BF4B-00C04F79EFBC}") = "Presentacion.Inventario", "Presentacion\Presentacion.Inventario\Presentacion.Inventario.csproj", "{814B32F1-0C64-4914-8AC5-8469D48EDA8D}"
EndProject
Project("{FAE04EC0-301F-11D3-BF4B-00C04F79EFBC}") = "Presentacion.Mdi", "Presentacion\Presentacion.MDI\Presentacion.Mdi.csproj", "{AC8C46EB-E356-42AD-AE2B-350EB81C63BA}"
EndProject
Project("{FAE04EC0-301F-11D3-BF4B-00C04F79EFBC}") = "Presentacion.TablasMaestras", "Presentacion\Presentacion.TablasMaestras\Presentacion.TablasMaestras.csproj", "{6A59C841-0997-41A1-AB9D-0CAE3C35061C}"
EndProject
Project("{2150E333-8FDC-42A3-9474-1A3956D46DE8}") = "ReglasDeNegocio", "ReglasDeNegocio", "{EA4F8A4D-257F-44A2-BC3F-5E04934A0B50}"
EndProject
Project("{FAE04EC0-301F-11D3-BF4B-00C04F79EFBC}") = "ReglasDeNegocio.Busquedas", "ReglasDeNegocio\ReglasDeNegocio.Busquedas\ReglasDeNegocio.Busquedas.csproj", "{3D03C9BC-BB14-4F63-8453-78D6CB668FC4}"
EndProject
Project("{FAE04EC0-301F-11D3-BF4B-00C04F79EFBC}") = "ReglasDeNegocio.Facturacion", "ReglasDeNegocio\ReglasDeNegocio.Facturacion\ReglasDeNegocio.Facturacion.csproj", "{170D9BB4-C8FF-440B-93B2-4E35AB2CC155}"
EndProject
Project("{FAE04EC0-301F-11D3-BF4B-00C04F79EFBC}") = "ReglasDeNegocio.Inventario", "ReglasDeNegocio\ReglasDeNegocio.Inventario\ReglasDeNegocio.Inventario.csproj", "{4949B1C2-6C67-4F61-B472-15046780FCAF}"
EndProject
Project("{FAE04EC0-301F-11D3-BF4B-00C04F79EFBC}") = "ReglasDeNegocio.TablasMaestras", "ReglasDeNegocio\ReglasDeNegocio.TablasMaestras\ReglasDeNegocio.TablasMaestras.csproj", "{5DA853DD-F55C-413F-8354-E8EA2F7F0CF4}"
EndProject
Project("{FAE04EC0-301F-11D3-BF4B-00C04F79EFBC}") = "ReglasDeNegocio.WebPublica", "ReglasDeNegocio\ReglasDeNegocio.WebPublica\ReglasDeNegocio.WebPublica.csproj", "{67496A68-CF31-4106-85A4-0F7BA357FD38}"
EndProject
Project("{FAE04EC0-301F-11D3-BF4B-00C04F79EFBC}") = "ServiciosWeb", "ServiciosWeb\ServiciosWeb.csproj", "{6555F5C0-B3FA-4D4E-9A0C-7B6FEB54061B}"
	ProjectSection(ProjectDependencies) = postProject
		{15BC9E49-FA3E-464F-A63E-79E911203F29} = {15BC9E49-FA3E-464F-A63E-79E911203F29}
	EndProjectSection
EndProject
Project("{2150E333-8FDC-42A3-9474-1A3956D46DE8}") = "Validacion", "Validacion", "{3C61E608-794A-4001-B96D-79063465E98A}"
EndProject
Project("{FAE04EC0-301F-11D3-BF4B-00C04F79EFBC}") = "Validacion.Busquedas", "Validacion\Validacion.Busquedas\Validacion.Busquedas.csproj", "{75F7BCBE-E398-4E63-A51F-A930AEFFAF67}"
EndProject
Project("{FAE04EC0-301F-11D3-BF4B-00C04F79EFBC}") = "Validacion.Facturacion", "Validacion\Validacion.Facturacion\Validacion.Facturacion.csproj", "{EBFB5500-D2E3-4CBD-981F-8502A3D19436}"
EndProject
Project("{FAE04EC0-301F-11D3-BF4B-00C04F79EFBC}") = "Validacion.TablasMaestras", "Validacion\Validacion.TablasMaestras\Validacion.TablasMaestras.csproj", "{0BAE8476-FB2B-4180-ABB5-4FD910397090}"
EndProject
Project("{FAE04EC0-301F-11D3-BF4B-00C04F79EFBC}") = "Validacion.WebPublica", "Validacion\Validacion.WebPublica\Validacion.WebPublica.csproj", "{6F654FD4-6D94-4A77-9607-7861B35FDC43}"
EndProject
Project("{2150E333-8FDC-42A3-9474-1A3956D46DE8}") = "ControlesDeUsuario", "ControlesDeUsuario", "{A3F31B96-F1CA-4D34-86FE-0A2462CF369E}"
EndProject
Project("{FAE04EC0-301F-11D3-BF4B-00C04F79EFBC}") = "ControlesWebForms", "ControlesDeUsuario\ControlesWebForms\ControlesWebForms.csproj", "{F6C50140-0B52-4576-B222-38491C6218A0}"
EndProject
Project("{FAE04EC0-301F-11D3-BF4B-00C04F79EFBC}") = "Controles.WinForms", "ControlesDeUsuario\ControlesWinForms\Controles.WinForms.csproj", "{4FD75AC0-6DF5-4A57-8D4A-24D323BCD91A}"
EndProject
Project("{2150E333-8FDC-42A3-9474-1A3956D46DE8}") = "Mercadopago", "Mercadopago", "{1A979209-C71E-4553-AEC1-740C002E3873}"
	ProjectSection(SolutionItems) = preProject
		ComponentesExternos\Mercadopago\MercadoPago.dll = ComponentesExternos\Mercadopago\MercadoPago.dll
		ComponentesExternos\Mercadopago\Newtonsoft.Json.dll = ComponentesExternos\Mercadopago\Newtonsoft.Json.dll
		ComponentesExternos\Mercadopago\Newtonsoft.Json.xml = ComponentesExternos\Mercadopago\Newtonsoft.Json.xml
		ComponentesExternos\Mercadopago\nunit.framework.dll = ComponentesExternos\Mercadopago\nunit.framework.dll
		ComponentesExternos\Mercadopago\nunit.framework.pdb = ComponentesExternos\Mercadopago\nunit.framework.pdb
		ComponentesExternos\Mercadopago\nunit.framework.xml = ComponentesExternos\Mercadopago\nunit.framework.xml
	EndProjectSection
EndProject
Project("{2150E333-8FDC-42A3-9474-1A3956D46DE8}") = "PayPal.1.9.1", "PayPal.1.9.1", "{E5456602-229A-47F1-8306-58E38BA30649}"
EndProject
Project("{2150E333-8FDC-42A3-9474-1A3956D46DE8}") = "lib", "lib", "{2BE0D59B-72A4-41D3-94F4-F4449FB5BAA9}"
EndProject
Project("{2150E333-8FDC-42A3-9474-1A3956D46DE8}") = "net45", "net45", "{BA5E98AB-A275-4695-A9AD-9613EE1BB8C4}"
	ProjectSection(SolutionItems) = preProject
		ComponentesExternos\PayPal.1.9.1\lib\net45\PayPal.dll = ComponentesExternos\PayPal.1.9.1\lib\net45\PayPal.dll
		ComponentesExternos\PayPal.1.9.1\lib\net45\PayPal.xml = ComponentesExternos\PayPal.1.9.1\lib\net45\PayPal.xml
	EndProjectSection
EndProject
Project("{FAE04EC0-301F-11D3-BF4B-00C04F79EFBC}") = "BusquedasBinariasSecuenciales", "BusquedasBinariasSecuenciales\BusquedasBinariasSecuenciales.csproj", "{C1CC1F36-4ACE-4969-AE98-C2A253C154A0}"
EndProject
Project("{FAE04EC0-301F-11D3-BF4B-00C04F79EFBC}") = "ValidacionesComunes", "ValidacionesComunes\ValidacionesComunes.csproj", "{18081597-EE41-41A9-8586-6D5A38F6A5C3}"
EndProject
Project("{2150E333-8FDC-42A3-9474-1A3956D46DE8}") = "Nexmo.Api", "Nexmo.Api", "{19FB24EB-1ABA-4C39-B43B-A4CBEE993A09}"
	ProjectSection(SolutionItems) = preProject
		ComponentesExternos\Nexmo.Api\Account.cs = ComponentesExternos\Nexmo.Api\Account.cs
		ComponentesExternos\Nexmo.Api\ApiSecret.cs = ComponentesExternos\Nexmo.Api\ApiSecret.cs
		ComponentesExternos\Nexmo.Api\Application.cs = ComponentesExternos\Nexmo.Api\Application.cs
		ComponentesExternos\Nexmo.Api\Configuration.cs = ComponentesExternos\Nexmo.Api\Configuration.cs
		ComponentesExternos\Nexmo.Api\Jwt.cs = ComponentesExternos\Nexmo.Api\Jwt.cs
		ComponentesExternos\Nexmo.Api\Nexmo.Api.csproj = ComponentesExternos\Nexmo.Api\Nexmo.Api.csproj
		ComponentesExternos\Nexmo.Api\Nexmo.Api.nuspec = ComponentesExternos\Nexmo.Api\Nexmo.Api.nuspec
		ComponentesExternos\Nexmo.Api\Number.cs = ComponentesExternos\Nexmo.Api\Number.cs
		ComponentesExternos\Nexmo.Api\NumberInsight.cs = ComponentesExternos\Nexmo.Api\NumberInsight.cs
		ComponentesExternos\Nexmo.Api\NumberVerify.cs = ComponentesExternos\Nexmo.Api\NumberVerify.cs
		ComponentesExternos\Nexmo.Api\PemParse.cs = ComponentesExternos\Nexmo.Api\PemParse.cs
		ComponentesExternos\Nexmo.Api\Redact.cs = ComponentesExternos\Nexmo.Api\Redact.cs
		ComponentesExternos\Nexmo.Api\ResponseBase.cs = ComponentesExternos\Nexmo.Api\ResponseBase.cs
		ComponentesExternos\Nexmo.Api\Search.cs = ComponentesExternos\Nexmo.Api\Search.cs
		ComponentesExternos\Nexmo.Api\ShortCode.cs = ComponentesExternos\Nexmo.Api\ShortCode.cs
		ComponentesExternos\Nexmo.Api\SMS.cs = ComponentesExternos\Nexmo.Api\SMS.cs
	EndProjectSection
EndProject
Project("{2150E333-8FDC-42A3-9474-1A3956D46DE8}") = "Voice", "Voice", "{BE27CE18-34F0-4818-A856-BE369E6F85EC}"
	ProjectSection(SolutionItems) = preProject
		ComponentesExternos\Nexmo.Api\Voice\Call.cs = ComponentesExternos\Nexmo.Api\Voice\Call.cs
		ComponentesExternos\Nexmo.Api\Voice\Call.Stream.cs = ComponentesExternos\Nexmo.Api\Voice\Call.Stream.cs
		ComponentesExternos\Nexmo.Api\Voice\Call.Talk.cs = ComponentesExternos\Nexmo.Api\Voice\Call.Talk.cs
	EndProjectSection
EndProject
Project("{2150E333-8FDC-42A3-9474-1A3956D46DE8}") = "Request", "Request", "{991A082A-6DFE-4E61-A006-BF1B9307F8AE}"
	ProjectSection(SolutionItems) = preProject
		ComponentesExternos\Nexmo.Api\Request\ApiRequest.cs = ComponentesExternos\Nexmo.Api\Request\ApiRequest.cs
		ComponentesExternos\Nexmo.Api\Request\ByteArrayToHexHelper.cs = ComponentesExternos\Nexmo.Api\Request\ByteArrayToHexHelper.cs
		ComponentesExternos\Nexmo.Api\Request\Credentials.cs = ComponentesExternos\Nexmo.Api\Request\Credentials.cs
		ComponentesExternos\Nexmo.Api\Request\NexmoResponse.cs = ComponentesExternos\Nexmo.Api\Request\NexmoResponse.cs
		ComponentesExternos\Nexmo.Api\Request\SignatureHelper.cs = ComponentesExternos\Nexmo.Api\Request\SignatureHelper.cs
		ComponentesExternos\Nexmo.Api\Request\ThrottlingMessageHandler.cs = ComponentesExternos\Nexmo.Api\Request\ThrottlingMessageHandler.cs
		ComponentesExternos\Nexmo.Api\Request\TimeSpanSemaphore.cs = ComponentesExternos\Nexmo.Api\Request\TimeSpanSemaphore.cs
		ComponentesExternos\Nexmo.Api\Request\VersionedApiRequest.cs = ComponentesExternos\Nexmo.Api\Request\VersionedApiRequest.cs
	EndProjectSection
EndProject
Project("{2150E333-8FDC-42A3-9474-1A3956D46DE8}") = "Properties", "Properties", "{10EB58E6-A6EA-409D-A0D9-9A3281536D89}"
	ProjectSection(SolutionItems) = preProject
		ComponentesExternos\Nexmo.Api\Properties\AssemblyInfo.cs = ComponentesExternos\Nexmo.Api\Properties\AssemblyInfo.cs
	EndProjectSection
EndProject
Project("{2150E333-8FDC-42A3-9474-1A3956D46DE8}") = "LibLog", "LibLog", "{9E080CD4-0EAB-4A84-8B99-2BB056B5110F}"
	ProjectSection(SolutionItems) = preProject
		ComponentesExternos\Nexmo.Api\LibLog\LibLog.cs = ComponentesExternos\Nexmo.Api\LibLog\LibLog.cs
	EndProjectSection
EndProject
Project("{2150E333-8FDC-42A3-9474-1A3956D46DE8}") = "Client", "Client", "{1D1CF4BC-4EE6-461A-8082-1EC43D180DDA}"
	ProjectSection(SolutionItems) = preProject
		ComponentesExternos\Nexmo.Api\Client\Account.cs = ComponentesExternos\Nexmo.Api\Client\Account.cs
		ComponentesExternos\Nexmo.Api\Client\ApiSecret.cs = ComponentesExternos\Nexmo.Api\Client\ApiSecret.cs
		ComponentesExternos\Nexmo.Api\Client\Application.cs = ComponentesExternos\Nexmo.Api\Client\Application.cs
		ComponentesExternos\Nexmo.Api\Client\Call.cs = ComponentesExternos\Nexmo.Api\Client\Call.cs
		ComponentesExternos\Nexmo.Api\Client\Client.cs = ComponentesExternos\Nexmo.Api\Client\Client.cs
		ComponentesExternos\Nexmo.Api\Client\Number.cs = ComponentesExternos\Nexmo.Api\Client\Number.cs
		ComponentesExternos\Nexmo.Api\Client\NumberInsight.cs = ComponentesExternos\Nexmo.Api\Client\NumberInsight.cs
		ComponentesExternos\Nexmo.Api\Client\NumberVerify.cs = ComponentesExternos\Nexmo.Api\Client\NumberVerify.cs
		ComponentesExternos\Nexmo.Api\Client\Redact.cs = ComponentesExternos\Nexmo.Api\Client\Redact.cs
		ComponentesExternos\Nexmo.Api\Client\Search.cs = ComponentesExternos\Nexmo.Api\Client\Search.cs
		ComponentesExternos\Nexmo.Api\Client\ShortCode.cs = ComponentesExternos\Nexmo.Api\Client\ShortCode.cs
		ComponentesExternos\Nexmo.Api\Client\SMS.cs = ComponentesExternos\Nexmo.Api\Client\SMS.cs
	EndProjectSection
EndProject
Project("{FAE04EC0-301F-11D3-BF4B-00C04F79EFBC}") = "PasarelasPago", "PasarelasDePago\PasarelasPago.csproj", "{C0A92164-78E0-4961-A6E3-96835D5B37F7}"
EndProject
Project("{FAE04EC0-301F-11D3-BF4B-00C04F79EFBC}") = "Validacion.Inventario", "Validacion\Validacion.Inventario\Validacion.Inventario.csproj", "{6AA2DC86-18C8-47DB-B806-D444F11E3B56}"
EndProject
Project("{2150E333-8FDC-42A3-9474-1A3956D46DE8}") = "Tests", "Tests", "{E18CAA59-3DF4-4A11-AE9D-67F55BA8E400}"
EndProject
Project("{2150E333-8FDC-42A3-9474-1A3956D46DE8}") = "AccesoDatos", "AccesoDatos", "{F193B4E6-BF82-48AA-AA0C-4E14623DEDF8}"
EndProject
Project("{FAE04EC0-301F-11D3-BF4B-00C04F79EFBC}") = "Fachada.Inventario.Integration.Tests", "Tests\AccesoDatos\AccesoDatos.Inventario.Integration.Tests\Fachada.Inventario.Integration.Tests.csproj", "{67820087-C23B-4A43-8AC6-8242134C44CA}"
EndProject
Project("{FAE04EC0-301F-11D3-BF4B-00C04F79EFBC}") = "Fachada.TablasMaestras.Integration.Tests", "Tests\AccesoDatos\Fachada.TablasMaestras.Integration.Tests\Fachada.TablasMaestras.Integration.Tests.csproj", "{25EE18CB-2CF7-4761-A008-16176C78A5B1}"
EndProject
Project("{2150E333-8FDC-42A3-9474-1A3956D46DE8}") = "UnitTests", "UnitTests", "{B4CF4A85-BE04-4A7E-B2BA-769F32C6C795}"
EndProject
Project("{FAE04EC0-301F-11D3-BF4B-00C04F79EFBC}") = "TablasMaestras.UnitTest", "Tests\UnitTests\TablasMaestras.UnitTest\TablasMaestras.UnitTest.csproj", "{D97017C4-A10F-4127-B3BC-797016CA3B83}"
EndProject
Project("{FAE04EC0-301F-11D3-BF4B-00C04F79EFBC}") = "Fachada.WebPublica.Integration.Tests", "Tests\AccesoDatos\Fachada.WebPublica.Integration.Tests\Fachada.WebPublica.Integration.Tests.csproj", "{854DAAFB-0BE3-4C89-A728-17F50C12F947}"
EndProject
Project("{FAE04EC0-301F-11D3-BF4B-00C04F79EFBC}") = "Fachada.Facturacion.Integration.Tests", "Tests\AccesoDatos\Fachada.Facturacion.Integration.Tests\Fachada.Facturacion.Integration.Tests.csproj", "{70A6438C-A7B7-4CBB-ACCF-467988FDFA4A}"
EndProject
Project("{2150E333-8FDC-42A3-9474-1A3956D46DE8}") = "Solution Items", "Solution Items", "{4A588130-F0A1-478E-BA78-CC697E4607F2}"
	ProjectSection(SolutionItems) = preProject
		.gitignore = .gitignore
	EndProjectSection
EndProject
Global
	GlobalSection(SolutionConfigurationPlatforms) = preSolution
		Debug|Any CPU = Debug|Any CPU
		Debug|Mixed Platforms = Debug|Mixed Platforms
		Debug|x86 = Debug|x86
		Pruebas|Any CPU = Pruebas|Any CPU
		Pruebas|Mixed Platforms = Pruebas|Mixed Platforms
		Pruebas|x86 = Pruebas|x86
		Release|Any CPU = Release|Any CPU
		Release|Mixed Platforms = Release|Mixed Platforms
		Release|x86 = Release|x86
	EndGlobalSection
	GlobalSection(ProjectConfigurationPlatforms) = postSolution
		{7B2FBEFF-651E-46DF-BC72-AAAAAC6D654D}.Debug|Any CPU.ActiveCfg = Debug|Any CPU
		{7B2FBEFF-651E-46DF-BC72-AAAAAC6D654D}.Debug|Any CPU.Build.0 = Debug|Any CPU
		{7B2FBEFF-651E-46DF-BC72-AAAAAC6D654D}.Debug|Mixed Platforms.ActiveCfg = Debug|Any CPU
		{7B2FBEFF-651E-46DF-BC72-AAAAAC6D654D}.Debug|Mixed Platforms.Build.0 = Debug|Any CPU
		{7B2FBEFF-651E-46DF-BC72-AAAAAC6D654D}.Debug|x86.ActiveCfg = Debug|Any CPU
		{7B2FBEFF-651E-46DF-BC72-AAAAAC6D654D}.Pruebas|Any CPU.ActiveCfg = Pruebas|Any CPU
		{7B2FBEFF-651E-46DF-BC72-AAAAAC6D654D}.Pruebas|Any CPU.Build.0 = Pruebas|Any CPU
		{7B2FBEFF-651E-46DF-BC72-AAAAAC6D654D}.Pruebas|Mixed Platforms.ActiveCfg = Pruebas|Any CPU
		{7B2FBEFF-651E-46DF-BC72-AAAAAC6D654D}.Pruebas|Mixed Platforms.Build.0 = Pruebas|Any CPU
		{7B2FBEFF-651E-46DF-BC72-AAAAAC6D654D}.Pruebas|x86.ActiveCfg = Pruebas|Any CPU
		{7B2FBEFF-651E-46DF-BC72-AAAAAC6D654D}.Pruebas|x86.Build.0 = Pruebas|Any CPU
		{7B2FBEFF-651E-46DF-BC72-AAAAAC6D654D}.Release|Any CPU.ActiveCfg = Release|Any CPU
		{7B2FBEFF-651E-46DF-BC72-AAAAAC6D654D}.Release|Any CPU.Build.0 = Release|Any CPU
		{7B2FBEFF-651E-46DF-BC72-AAAAAC6D654D}.Release|Mixed Platforms.ActiveCfg = Release|Any CPU
		{7B2FBEFF-651E-46DF-BC72-AAAAAC6D654D}.Release|Mixed Platforms.Build.0 = Release|Any CPU
		{7B2FBEFF-651E-46DF-BC72-AAAAAC6D654D}.Release|x86.ActiveCfg = Release|Any CPU
		{15BC9E49-FA3E-464F-A63E-79E911203F29}.Debug|Any CPU.ActiveCfg = Debug|Any CPU
		{15BC9E49-FA3E-464F-A63E-79E911203F29}.Debug|Any CPU.Build.0 = Debug|Any CPU
		{15BC9E49-FA3E-464F-A63E-79E911203F29}.Debug|Mixed Platforms.ActiveCfg = Debug|Any CPU
		{15BC9E49-FA3E-464F-A63E-79E911203F29}.Debug|Mixed Platforms.Build.0 = Debug|Any CPU
		{15BC9E49-FA3E-464F-A63E-79E911203F29}.Debug|x86.ActiveCfg = Debug|Any CPU
		{15BC9E49-FA3E-464F-A63E-79E911203F29}.Pruebas|Any CPU.ActiveCfg = Pruebas|Any CPU
		{15BC9E49-FA3E-464F-A63E-79E911203F29}.Pruebas|Any CPU.Build.0 = Pruebas|Any CPU
		{15BC9E49-FA3E-464F-A63E-79E911203F29}.Pruebas|Mixed Platforms.ActiveCfg = Pruebas|Any CPU
		{15BC9E49-FA3E-464F-A63E-79E911203F29}.Pruebas|Mixed Platforms.Build.0 = Pruebas|Any CPU
		{15BC9E49-FA3E-464F-A63E-79E911203F29}.Pruebas|x86.ActiveCfg = Pruebas|Any CPU
		{15BC9E49-FA3E-464F-A63E-79E911203F29}.Pruebas|x86.Build.0 = Pruebas|Any CPU
		{15BC9E49-FA3E-464F-A63E-79E911203F29}.Release|Any CPU.ActiveCfg = Release|Any CPU
		{15BC9E49-FA3E-464F-A63E-79E911203F29}.Release|Any CPU.Build.0 = Release|Any CPU
		{15BC9E49-FA3E-464F-A63E-79E911203F29}.Release|Mixed Platforms.ActiveCfg = Release|Any CPU
		{15BC9E49-FA3E-464F-A63E-79E911203F29}.Release|Mixed Platforms.Build.0 = Release|Any CPU
		{15BC9E49-FA3E-464F-A63E-79E911203F29}.Release|x86.ActiveCfg = Release|Any CPU
		{F4362BF5-3D0F-4B66-BF9E-7AF4DC55FCC4}.Debug|Any CPU.ActiveCfg = Debug|Any CPU
		{F4362BF5-3D0F-4B66-BF9E-7AF4DC55FCC4}.Debug|Any CPU.Build.0 = Debug|Any CPU
		{F4362BF5-3D0F-4B66-BF9E-7AF4DC55FCC4}.Debug|Mixed Platforms.ActiveCfg = Debug|Any CPU
		{F4362BF5-3D0F-4B66-BF9E-7AF4DC55FCC4}.Debug|Mixed Platforms.Build.0 = Debug|Any CPU
		{F4362BF5-3D0F-4B66-BF9E-7AF4DC55FCC4}.Debug|x86.ActiveCfg = Debug|Any CPU
		{F4362BF5-3D0F-4B66-BF9E-7AF4DC55FCC4}.Pruebas|Any CPU.ActiveCfg = Pruebas|Any CPU
		{F4362BF5-3D0F-4B66-BF9E-7AF4DC55FCC4}.Pruebas|Any CPU.Build.0 = Pruebas|Any CPU
		{F4362BF5-3D0F-4B66-BF9E-7AF4DC55FCC4}.Pruebas|Mixed Platforms.ActiveCfg = Pruebas|Any CPU
		{F4362BF5-3D0F-4B66-BF9E-7AF4DC55FCC4}.Pruebas|Mixed Platforms.Build.0 = Pruebas|Any CPU
		{F4362BF5-3D0F-4B66-BF9E-7AF4DC55FCC4}.Pruebas|x86.ActiveCfg = Pruebas|Any CPU
		{F4362BF5-3D0F-4B66-BF9E-7AF4DC55FCC4}.Pruebas|x86.Build.0 = Pruebas|Any CPU
		{F4362BF5-3D0F-4B66-BF9E-7AF4DC55FCC4}.Release|Any CPU.ActiveCfg = Release|Any CPU
		{F4362BF5-3D0F-4B66-BF9E-7AF4DC55FCC4}.Release|Any CPU.Build.0 = Release|Any CPU
		{F4362BF5-3D0F-4B66-BF9E-7AF4DC55FCC4}.Release|Mixed Platforms.ActiveCfg = Release|Any CPU
		{F4362BF5-3D0F-4B66-BF9E-7AF4DC55FCC4}.Release|Mixed Platforms.Build.0 = Release|Any CPU
		{F4362BF5-3D0F-4B66-BF9E-7AF4DC55FCC4}.Release|x86.ActiveCfg = Release|Any CPU
		{4E853789-4F1C-47C0-832D-745439714B3C}.Debug|Any CPU.ActiveCfg = Debug|Any CPU
		{4E853789-4F1C-47C0-832D-745439714B3C}.Debug|Any CPU.Build.0 = Debug|Any CPU
		{4E853789-4F1C-47C0-832D-745439714B3C}.Debug|Mixed Platforms.ActiveCfg = Debug|Any CPU
		{4E853789-4F1C-47C0-832D-745439714B3C}.Debug|Mixed Platforms.Build.0 = Debug|Any CPU
		{4E853789-4F1C-47C0-832D-745439714B3C}.Debug|x86.ActiveCfg = Debug|Any CPU
		{4E853789-4F1C-47C0-832D-745439714B3C}.Pruebas|Any CPU.ActiveCfg = Pruebas|Any CPU
		{4E853789-4F1C-47C0-832D-745439714B3C}.Pruebas|Any CPU.Build.0 = Pruebas|Any CPU
		{4E853789-4F1C-47C0-832D-745439714B3C}.Pruebas|Mixed Platforms.ActiveCfg = Pruebas|Any CPU
		{4E853789-4F1C-47C0-832D-745439714B3C}.Pruebas|Mixed Platforms.Build.0 = Pruebas|Any CPU
		{4E853789-4F1C-47C0-832D-745439714B3C}.Pruebas|x86.ActiveCfg = Pruebas|Any CPU
		{4E853789-4F1C-47C0-832D-745439714B3C}.Pruebas|x86.Build.0 = Pruebas|Any CPU
		{4E853789-4F1C-47C0-832D-745439714B3C}.Release|Any CPU.ActiveCfg = Release|Any CPU
		{4E853789-4F1C-47C0-832D-745439714B3C}.Release|Any CPU.Build.0 = Release|Any CPU
		{4E853789-4F1C-47C0-832D-745439714B3C}.Release|Mixed Platforms.ActiveCfg = Release|Any CPU
		{4E853789-4F1C-47C0-832D-745439714B3C}.Release|Mixed Platforms.Build.0 = Release|Any CPU
		{4E853789-4F1C-47C0-832D-745439714B3C}.Release|x86.ActiveCfg = Release|Any CPU
		{925FEC3D-F81F-4CA4-B98E-0443EB1F42E7}.Debug|Any CPU.ActiveCfg = Debug|Any CPU
		{925FEC3D-F81F-4CA4-B98E-0443EB1F42E7}.Debug|Any CPU.Build.0 = Debug|Any CPU
		{925FEC3D-F81F-4CA4-B98E-0443EB1F42E7}.Debug|Mixed Platforms.ActiveCfg = Debug|Any CPU
		{925FEC3D-F81F-4CA4-B98E-0443EB1F42E7}.Debug|Mixed Platforms.Build.0 = Debug|Any CPU
		{925FEC3D-F81F-4CA4-B98E-0443EB1F42E7}.Debug|x86.ActiveCfg = Debug|Any CPU
		{925FEC3D-F81F-4CA4-B98E-0443EB1F42E7}.Pruebas|Any CPU.ActiveCfg = Pruebas|Any CPU
		{925FEC3D-F81F-4CA4-B98E-0443EB1F42E7}.Pruebas|Any CPU.Build.0 = Pruebas|Any CPU
		{925FEC3D-F81F-4CA4-B98E-0443EB1F42E7}.Pruebas|Mixed Platforms.ActiveCfg = Pruebas|Any CPU
		{925FEC3D-F81F-4CA4-B98E-0443EB1F42E7}.Pruebas|Mixed Platforms.Build.0 = Pruebas|Any CPU
		{925FEC3D-F81F-4CA4-B98E-0443EB1F42E7}.Pruebas|x86.ActiveCfg = Pruebas|Any CPU
		{925FEC3D-F81F-4CA4-B98E-0443EB1F42E7}.Pruebas|x86.Build.0 = Pruebas|Any CPU
		{925FEC3D-F81F-4CA4-B98E-0443EB1F42E7}.Release|Any CPU.ActiveCfg = Release|Any CPU
		{925FEC3D-F81F-4CA4-B98E-0443EB1F42E7}.Release|Any CPU.Build.0 = Release|Any CPU
		{925FEC3D-F81F-4CA4-B98E-0443EB1F42E7}.Release|Mixed Platforms.ActiveCfg = Release|Any CPU
		{925FEC3D-F81F-4CA4-B98E-0443EB1F42E7}.Release|Mixed Platforms.Build.0 = Release|Any CPU
		{925FEC3D-F81F-4CA4-B98E-0443EB1F42E7}.Release|x86.ActiveCfg = Release|Any CPU
		{434630E5-EF71-42F6-957D-39A310EE12C0}.Debug|Any CPU.ActiveCfg = Debug|Any CPU
		{434630E5-EF71-42F6-957D-39A310EE12C0}.Debug|Any CPU.Build.0 = Debug|Any CPU
		{434630E5-EF71-42F6-957D-39A310EE12C0}.Debug|Mixed Platforms.ActiveCfg = Debug|Any CPU
		{434630E5-EF71-42F6-957D-39A310EE12C0}.Debug|Mixed Platforms.Build.0 = Debug|Any CPU
		{434630E5-EF71-42F6-957D-39A310EE12C0}.Debug|x86.ActiveCfg = Debug|Any CPU
		{434630E5-EF71-42F6-957D-39A310EE12C0}.Pruebas|Any CPU.ActiveCfg = Pruebas|Any CPU
		{434630E5-EF71-42F6-957D-39A310EE12C0}.Pruebas|Any CPU.Build.0 = Pruebas|Any CPU
		{434630E5-EF71-42F6-957D-39A310EE12C0}.Pruebas|Mixed Platforms.ActiveCfg = Pruebas|Any CPU
		{434630E5-EF71-42F6-957D-39A310EE12C0}.Pruebas|Mixed Platforms.Build.0 = Pruebas|Any CPU
		{434630E5-EF71-42F6-957D-39A310EE12C0}.Pruebas|x86.ActiveCfg = Pruebas|Any CPU
		{434630E5-EF71-42F6-957D-39A310EE12C0}.Pruebas|x86.Build.0 = Pruebas|Any CPU
		{434630E5-EF71-42F6-957D-39A310EE12C0}.Release|Any CPU.ActiveCfg = Release|Any CPU
		{434630E5-EF71-42F6-957D-39A310EE12C0}.Release|Any CPU.Build.0 = Release|Any CPU
		{434630E5-EF71-42F6-957D-39A310EE12C0}.Release|Mixed Platforms.ActiveCfg = Release|Any CPU
		{434630E5-EF71-42F6-957D-39A310EE12C0}.Release|Mixed Platforms.Build.0 = Release|Any CPU
		{434630E5-EF71-42F6-957D-39A310EE12C0}.Release|x86.ActiveCfg = Release|Any CPU
		{EA61A1C1-8912-4D11-8169-70A5E21D30C3}.Debug|Any CPU.ActiveCfg = Debug|Any CPU
		{EA61A1C1-8912-4D11-8169-70A5E21D30C3}.Debug|Any CPU.Build.0 = Debug|Any CPU
		{EA61A1C1-8912-4D11-8169-70A5E21D30C3}.Debug|Mixed Platforms.ActiveCfg = Debug|Any CPU
		{EA61A1C1-8912-4D11-8169-70A5E21D30C3}.Debug|Mixed Platforms.Build.0 = Debug|Any CPU
		{EA61A1C1-8912-4D11-8169-70A5E21D30C3}.Debug|x86.ActiveCfg = Debug|Any CPU
		{EA61A1C1-8912-4D11-8169-70A5E21D30C3}.Pruebas|Any CPU.ActiveCfg = Pruebas|Any CPU
		{EA61A1C1-8912-4D11-8169-70A5E21D30C3}.Pruebas|Any CPU.Build.0 = Pruebas|Any CPU
		{EA61A1C1-8912-4D11-8169-70A5E21D30C3}.Pruebas|Mixed Platforms.ActiveCfg = Pruebas|Any CPU
		{EA61A1C1-8912-4D11-8169-70A5E21D30C3}.Pruebas|Mixed Platforms.Build.0 = Pruebas|Any CPU
		{EA61A1C1-8912-4D11-8169-70A5E21D30C3}.Pruebas|x86.ActiveCfg = Pruebas|Any CPU
		{EA61A1C1-8912-4D11-8169-70A5E21D30C3}.Pruebas|x86.Build.0 = Pruebas|Any CPU
		{EA61A1C1-8912-4D11-8169-70A5E21D30C3}.Release|Any CPU.ActiveCfg = Release|Any CPU
		{EA61A1C1-8912-4D11-8169-70A5E21D30C3}.Release|Any CPU.Build.0 = Release|Any CPU
		{EA61A1C1-8912-4D11-8169-70A5E21D30C3}.Release|Mixed Platforms.ActiveCfg = Release|Any CPU
		{EA61A1C1-8912-4D11-8169-70A5E21D30C3}.Release|Mixed Platforms.Build.0 = Release|Any CPU
		{EA61A1C1-8912-4D11-8169-70A5E21D30C3}.Release|x86.ActiveCfg = Release|Any CPU
		{40F82E5B-A730-4397-BA30-3B94664477E9}.Debug|Any CPU.ActiveCfg = Debug|Any CPU
		{40F82E5B-A730-4397-BA30-3B94664477E9}.Debug|Any CPU.Build.0 = Debug|Any CPU
		{40F82E5B-A730-4397-BA30-3B94664477E9}.Debug|Mixed Platforms.ActiveCfg = Debug|Any CPU
		{40F82E5B-A730-4397-BA30-3B94664477E9}.Debug|Mixed Platforms.Build.0 = Debug|Any CPU
		{40F82E5B-A730-4397-BA30-3B94664477E9}.Debug|x86.ActiveCfg = Debug|Any CPU
		{40F82E5B-A730-4397-BA30-3B94664477E9}.Debug|x86.Build.0 = Debug|Any CPU
		{40F82E5B-A730-4397-BA30-3B94664477E9}.Pruebas|Any CPU.ActiveCfg = Pruebas|Any CPU
		{40F82E5B-A730-4397-BA30-3B94664477E9}.Pruebas|Any CPU.Build.0 = Pruebas|Any CPU
		{40F82E5B-A730-4397-BA30-3B94664477E9}.Pruebas|Mixed Platforms.ActiveCfg = Pruebas|Any CPU
		{40F82E5B-A730-4397-BA30-3B94664477E9}.Pruebas|Mixed Platforms.Build.0 = Pruebas|Any CPU
		{40F82E5B-A730-4397-BA30-3B94664477E9}.Pruebas|x86.ActiveCfg = Pruebas|Any CPU
		{40F82E5B-A730-4397-BA30-3B94664477E9}.Pruebas|x86.Build.0 = Pruebas|Any CPU
		{40F82E5B-A730-4397-BA30-3B94664477E9}.Release|Any CPU.ActiveCfg = Release|Any CPU
		{40F82E5B-A730-4397-BA30-3B94664477E9}.Release|Any CPU.Build.0 = Release|Any CPU
		{40F82E5B-A730-4397-BA30-3B94664477E9}.Release|Mixed Platforms.ActiveCfg = Release|Any CPU
		{40F82E5B-A730-4397-BA30-3B94664477E9}.Release|Mixed Platforms.Build.0 = Release|Any CPU
		{40F82E5B-A730-4397-BA30-3B94664477E9}.Release|x86.ActiveCfg = Release|Any CPU
		{40F82E5B-A730-4397-BA30-3B94664477E9}.Release|x86.Build.0 = Release|Any CPU
		{B0A55BD8-2B95-4DE4-A7C5-30346AE0D9CE}.Debug|Any CPU.ActiveCfg = Debug|Any CPU
		{B0A55BD8-2B95-4DE4-A7C5-30346AE0D9CE}.Debug|Any CPU.Build.0 = Debug|Any CPU
		{B0A55BD8-2B95-4DE4-A7C5-30346AE0D9CE}.Debug|Mixed Platforms.ActiveCfg = Debug|Any CPU
		{B0A55BD8-2B95-4DE4-A7C5-30346AE0D9CE}.Debug|Mixed Platforms.Build.0 = Debug|Any CPU
		{B0A55BD8-2B95-4DE4-A7C5-30346AE0D9CE}.Debug|x86.ActiveCfg = Debug|Any CPU
		{B0A55BD8-2B95-4DE4-A7C5-30346AE0D9CE}.Debug|x86.Build.0 = Debug|Any CPU
		{B0A55BD8-2B95-4DE4-A7C5-30346AE0D9CE}.Pruebas|Any CPU.ActiveCfg = Pruebas|Any CPU
		{B0A55BD8-2B95-4DE4-A7C5-30346AE0D9CE}.Pruebas|Any CPU.Build.0 = Pruebas|Any CPU
		{B0A55BD8-2B95-4DE4-A7C5-30346AE0D9CE}.Pruebas|Mixed Platforms.ActiveCfg = Pruebas|Any CPU
		{B0A55BD8-2B95-4DE4-A7C5-30346AE0D9CE}.Pruebas|Mixed Platforms.Build.0 = Pruebas|Any CPU
		{B0A55BD8-2B95-4DE4-A7C5-30346AE0D9CE}.Pruebas|x86.ActiveCfg = Pruebas|Any CPU
		{B0A55BD8-2B95-4DE4-A7C5-30346AE0D9CE}.Pruebas|x86.Build.0 = Pruebas|Any CPU
		{B0A55BD8-2B95-4DE4-A7C5-30346AE0D9CE}.Release|Any CPU.ActiveCfg = Release|Any CPU
		{B0A55BD8-2B95-4DE4-A7C5-30346AE0D9CE}.Release|Any CPU.Build.0 = Release|Any CPU
		{B0A55BD8-2B95-4DE4-A7C5-30346AE0D9CE}.Release|Mixed Platforms.ActiveCfg = Release|Any CPU
		{B0A55BD8-2B95-4DE4-A7C5-30346AE0D9CE}.Release|Mixed Platforms.Build.0 = Release|Any CPU
		{B0A55BD8-2B95-4DE4-A7C5-30346AE0D9CE}.Release|x86.ActiveCfg = Release|Any CPU
		{B0A55BD8-2B95-4DE4-A7C5-30346AE0D9CE}.Release|x86.Build.0 = Release|Any CPU
		{A1F178DA-8F6E-43AD-93C8-0E40C309E1F0}.Debug|Any CPU.ActiveCfg = Debug|Any CPU
		{A1F178DA-8F6E-43AD-93C8-0E40C309E1F0}.Debug|Any CPU.Build.0 = Debug|Any CPU
		{A1F178DA-8F6E-43AD-93C8-0E40C309E1F0}.Debug|Mixed Platforms.ActiveCfg = Debug|Any CPU
		{A1F178DA-8F6E-43AD-93C8-0E40C309E1F0}.Debug|Mixed Platforms.Build.0 = Debug|Any CPU
		{A1F178DA-8F6E-43AD-93C8-0E40C309E1F0}.Debug|x86.ActiveCfg = Debug|Any CPU
		{A1F178DA-8F6E-43AD-93C8-0E40C309E1F0}.Debug|x86.Build.0 = Debug|Any CPU
		{A1F178DA-8F6E-43AD-93C8-0E40C309E1F0}.Pruebas|Any CPU.ActiveCfg = Pruebas|Any CPU
		{A1F178DA-8F6E-43AD-93C8-0E40C309E1F0}.Pruebas|Any CPU.Build.0 = Pruebas|Any CPU
		{A1F178DA-8F6E-43AD-93C8-0E40C309E1F0}.Pruebas|Mixed Platforms.ActiveCfg = Pruebas|Any CPU
		{A1F178DA-8F6E-43AD-93C8-0E40C309E1F0}.Pruebas|Mixed Platforms.Build.0 = Pruebas|Any CPU
		{A1F178DA-8F6E-43AD-93C8-0E40C309E1F0}.Pruebas|x86.ActiveCfg = Pruebas|Any CPU
		{A1F178DA-8F6E-43AD-93C8-0E40C309E1F0}.Pruebas|x86.Build.0 = Pruebas|Any CPU
		{A1F178DA-8F6E-43AD-93C8-0E40C309E1F0}.Release|Any CPU.ActiveCfg = Release|Any CPU
		{A1F178DA-8F6E-43AD-93C8-0E40C309E1F0}.Release|Any CPU.Build.0 = Release|Any CPU
		{A1F178DA-8F6E-43AD-93C8-0E40C309E1F0}.Release|Mixed Platforms.ActiveCfg = Release|Any CPU
		{A1F178DA-8F6E-43AD-93C8-0E40C309E1F0}.Release|Mixed Platforms.Build.0 = Release|Any CPU
		{A1F178DA-8F6E-43AD-93C8-0E40C309E1F0}.Release|x86.ActiveCfg = Release|Any CPU
		{A1F178DA-8F6E-43AD-93C8-0E40C309E1F0}.Release|x86.Build.0 = Release|Any CPU
		{22E80C55-EA4B-4074-82BE-C031BFC51C43}.Debug|Any CPU.ActiveCfg = Debug|Any CPU
		{22E80C55-EA4B-4074-82BE-C031BFC51C43}.Debug|Any CPU.Build.0 = Debug|Any CPU
		{22E80C55-EA4B-4074-82BE-C031BFC51C43}.Debug|Mixed Platforms.ActiveCfg = Debug|Any CPU
		{22E80C55-EA4B-4074-82BE-C031BFC51C43}.Debug|Mixed Platforms.Build.0 = Debug|Any CPU
		{22E80C55-EA4B-4074-82BE-C031BFC51C43}.Debug|x86.ActiveCfg = Debug|Any CPU
		{22E80C55-EA4B-4074-82BE-C031BFC51C43}.Debug|x86.Build.0 = Debug|Any CPU
		{22E80C55-EA4B-4074-82BE-C031BFC51C43}.Pruebas|Any CPU.ActiveCfg = Pruebas|Any CPU
		{22E80C55-EA4B-4074-82BE-C031BFC51C43}.Pruebas|Any CPU.Build.0 = Pruebas|Any CPU
		{22E80C55-EA4B-4074-82BE-C031BFC51C43}.Pruebas|Mixed Platforms.ActiveCfg = Pruebas|Any CPU
		{22E80C55-EA4B-4074-82BE-C031BFC51C43}.Pruebas|Mixed Platforms.Build.0 = Pruebas|Any CPU
		{22E80C55-EA4B-4074-82BE-C031BFC51C43}.Pruebas|x86.ActiveCfg = Pruebas|Any CPU
		{22E80C55-EA4B-4074-82BE-C031BFC51C43}.Pruebas|x86.Build.0 = Pruebas|Any CPU
		{22E80C55-EA4B-4074-82BE-C031BFC51C43}.Release|Any CPU.ActiveCfg = Release|Any CPU
		{22E80C55-EA4B-4074-82BE-C031BFC51C43}.Release|Any CPU.Build.0 = Release|Any CPU
		{22E80C55-EA4B-4074-82BE-C031BFC51C43}.Release|Mixed Platforms.ActiveCfg = Release|Any CPU
		{22E80C55-EA4B-4074-82BE-C031BFC51C43}.Release|Mixed Platforms.Build.0 = Release|Any CPU
		{22E80C55-EA4B-4074-82BE-C031BFC51C43}.Release|x86.ActiveCfg = Release|Any CPU
		{22E80C55-EA4B-4074-82BE-C031BFC51C43}.Release|x86.Build.0 = Release|Any CPU
		{A981D17F-F005-47F2-A65D-DFF6E37CDBD3}.Debug|Any CPU.ActiveCfg = Debug|Any CPU
		{A981D17F-F005-47F2-A65D-DFF6E37CDBD3}.Debug|Any CPU.Build.0 = Debug|Any CPU
		{A981D17F-F005-47F2-A65D-DFF6E37CDBD3}.Debug|Mixed Platforms.ActiveCfg = Debug|Any CPU
		{A981D17F-F005-47F2-A65D-DFF6E37CDBD3}.Debug|Mixed Platforms.Build.0 = Debug|Any CPU
		{A981D17F-F005-47F2-A65D-DFF6E37CDBD3}.Debug|x86.ActiveCfg = Debug|Any CPU
		{A981D17F-F005-47F2-A65D-DFF6E37CDBD3}.Debug|x86.Build.0 = Debug|Any CPU
		{A981D17F-F005-47F2-A65D-DFF6E37CDBD3}.Pruebas|Any CPU.ActiveCfg = Pruebas|Any CPU
		{A981D17F-F005-47F2-A65D-DFF6E37CDBD3}.Pruebas|Any CPU.Build.0 = Pruebas|Any CPU
		{A981D17F-F005-47F2-A65D-DFF6E37CDBD3}.Pruebas|Mixed Platforms.ActiveCfg = Pruebas|Any CPU
		{A981D17F-F005-47F2-A65D-DFF6E37CDBD3}.Pruebas|Mixed Platforms.Build.0 = Pruebas|Any CPU
		{A981D17F-F005-47F2-A65D-DFF6E37CDBD3}.Pruebas|x86.ActiveCfg = Pruebas|Any CPU
		{A981D17F-F005-47F2-A65D-DFF6E37CDBD3}.Pruebas|x86.Build.0 = Pruebas|Any CPU
		{A981D17F-F005-47F2-A65D-DFF6E37CDBD3}.Release|Any CPU.ActiveCfg = Release|Any CPU
		{A981D17F-F005-47F2-A65D-DFF6E37CDBD3}.Release|Any CPU.Build.0 = Release|Any CPU
		{A981D17F-F005-47F2-A65D-DFF6E37CDBD3}.Release|Mixed Platforms.ActiveCfg = Release|Any CPU
		{A981D17F-F005-47F2-A65D-DFF6E37CDBD3}.Release|Mixed Platforms.Build.0 = Release|Any CPU
		{A981D17F-F005-47F2-A65D-DFF6E37CDBD3}.Release|x86.ActiveCfg = Release|Any CPU
		{A981D17F-F005-47F2-A65D-DFF6E37CDBD3}.Release|x86.Build.0 = Release|Any CPU
		{77C3AE6E-B10F-4545-A810-607B148FEDB1}.Debug|Any CPU.ActiveCfg = Debug|Any CPU
		{77C3AE6E-B10F-4545-A810-607B148FEDB1}.Debug|Any CPU.Deploy.0 = Debug|Any CPU
		{77C3AE6E-B10F-4545-A810-607B148FEDB1}.Debug|Mixed Platforms.ActiveCfg = Debug|Any CPU
		{77C3AE6E-B10F-4545-A810-607B148FEDB1}.Debug|Mixed Platforms.Build.0 = Debug|Any CPU
		{77C3AE6E-B10F-4545-A810-607B148FEDB1}.Debug|Mixed Platforms.Deploy.0 = Debug|Any CPU
		{77C3AE6E-B10F-4545-A810-607B148FEDB1}.Debug|x86.ActiveCfg = Debug|Any CPU
		{77C3AE6E-B10F-4545-A810-607B148FEDB1}.Debug|x86.Build.0 = Debug|Any CPU
		{77C3AE6E-B10F-4545-A810-607B148FEDB1}.Debug|x86.Deploy.0 = Debug|Any CPU
		{77C3AE6E-B10F-4545-A810-607B148FEDB1}.Pruebas|Any CPU.ActiveCfg = Pruebas|Any CPU
		{77C3AE6E-B10F-4545-A810-607B148FEDB1}.Pruebas|Mixed Platforms.ActiveCfg = Pruebas|Any CPU
		{77C3AE6E-B10F-4545-A810-607B148FEDB1}.Pruebas|Mixed Platforms.Build.0 = Pruebas|Any CPU
		{77C3AE6E-B10F-4545-A810-607B148FEDB1}.Pruebas|Mixed Platforms.Deploy.0 = Pruebas|Any CPU
		{77C3AE6E-B10F-4545-A810-607B148FEDB1}.Pruebas|x86.ActiveCfg = Pruebas|Any CPU
		{77C3AE6E-B10F-4545-A810-607B148FEDB1}.Pruebas|x86.Build.0 = Pruebas|Any CPU
		{77C3AE6E-B10F-4545-A810-607B148FEDB1}.Pruebas|x86.Deploy.0 = Pruebas|Any CPU
		{77C3AE6E-B10F-4545-A810-607B148FEDB1}.Release|Any CPU.ActiveCfg = Release|Any CPU
		{77C3AE6E-B10F-4545-A810-607B148FEDB1}.Release|Any CPU.Build.0 = Release|Any CPU
		{77C3AE6E-B10F-4545-A810-607B148FEDB1}.Release|Any CPU.Deploy.0 = Release|Any CPU
		{77C3AE6E-B10F-4545-A810-607B148FEDB1}.Release|Mixed Platforms.ActiveCfg = Release|Any CPU
		{77C3AE6E-B10F-4545-A810-607B148FEDB1}.Release|Mixed Platforms.Build.0 = Release|Any CPU
		{77C3AE6E-B10F-4545-A810-607B148FEDB1}.Release|Mixed Platforms.Deploy.0 = Release|Any CPU
		{77C3AE6E-B10F-4545-A810-607B148FEDB1}.Release|x86.ActiveCfg = Release|Any CPU
		{77C3AE6E-B10F-4545-A810-607B148FEDB1}.Release|x86.Build.0 = Release|Any CPU
		{77C3AE6E-B10F-4545-A810-607B148FEDB1}.Release|x86.Deploy.0 = Release|Any CPU
		{D2FE776F-3778-43AC-B17B-8214D600883C}.Debug|Any CPU.ActiveCfg = Debug|Any CPU
		{D2FE776F-3778-43AC-B17B-8214D600883C}.Debug|Any CPU.Build.0 = Debug|Any CPU
		{D2FE776F-3778-43AC-B17B-8214D600883C}.Debug|Mixed Platforms.ActiveCfg = Debug|Any CPU
		{D2FE776F-3778-43AC-B17B-8214D600883C}.Debug|Mixed Platforms.Build.0 = Debug|Any CPU
		{D2FE776F-3778-43AC-B17B-8214D600883C}.Debug|x86.ActiveCfg = Debug|Any CPU
		{D2FE776F-3778-43AC-B17B-8214D600883C}.Debug|x86.Build.0 = Debug|Any CPU
		{D2FE776F-3778-43AC-B17B-8214D600883C}.Pruebas|Any CPU.ActiveCfg = Pruebas|Any CPU
		{D2FE776F-3778-43AC-B17B-8214D600883C}.Pruebas|Any CPU.Build.0 = Pruebas|Any CPU
		{D2FE776F-3778-43AC-B17B-8214D600883C}.Pruebas|Mixed Platforms.ActiveCfg = Pruebas|Any CPU
		{D2FE776F-3778-43AC-B17B-8214D600883C}.Pruebas|Mixed Platforms.Build.0 = Pruebas|Any CPU
		{D2FE776F-3778-43AC-B17B-8214D600883C}.Pruebas|x86.ActiveCfg = Pruebas|Any CPU
		{D2FE776F-3778-43AC-B17B-8214D600883C}.Pruebas|x86.Build.0 = Pruebas|Any CPU
		{D2FE776F-3778-43AC-B17B-8214D600883C}.Release|Any CPU.ActiveCfg = Release|Any CPU
		{D2FE776F-3778-43AC-B17B-8214D600883C}.Release|Any CPU.Build.0 = Release|Any CPU
		{D2FE776F-3778-43AC-B17B-8214D600883C}.Release|Mixed Platforms.ActiveCfg = Release|Any CPU
		{D2FE776F-3778-43AC-B17B-8214D600883C}.Release|Mixed Platforms.Build.0 = Release|Any CPU
		{D2FE776F-3778-43AC-B17B-8214D600883C}.Release|x86.ActiveCfg = Release|Any CPU
		{D2FE776F-3778-43AC-B17B-8214D600883C}.Release|x86.Build.0 = Release|Any CPU
		{E084D248-7AB7-4329-8845-BEE2594F86E9}.Debug|Any CPU.ActiveCfg = Debug|Any CPU
		{E084D248-7AB7-4329-8845-BEE2594F86E9}.Debug|Any CPU.Build.0 = Debug|Any CPU
		{E084D248-7AB7-4329-8845-BEE2594F86E9}.Debug|Mixed Platforms.ActiveCfg = Debug|Any CPU
		{E084D248-7AB7-4329-8845-BEE2594F86E9}.Debug|Mixed Platforms.Build.0 = Debug|Any CPU
		{E084D248-7AB7-4329-8845-BEE2594F86E9}.Debug|x86.ActiveCfg = Debug|Any CPU
		{E084D248-7AB7-4329-8845-BEE2594F86E9}.Debug|x86.Build.0 = Debug|Any CPU
		{E084D248-7AB7-4329-8845-BEE2594F86E9}.Pruebas|Any CPU.ActiveCfg = Pruebas|Any CPU
		{E084D248-7AB7-4329-8845-BEE2594F86E9}.Pruebas|Any CPU.Build.0 = Pruebas|Any CPU
		{E084D248-7AB7-4329-8845-BEE2594F86E9}.Pruebas|Mixed Platforms.ActiveCfg = Pruebas|Any CPU
		{E084D248-7AB7-4329-8845-BEE2594F86E9}.Pruebas|Mixed Platforms.Build.0 = Pruebas|Any CPU
		{E084D248-7AB7-4329-8845-BEE2594F86E9}.Pruebas|x86.ActiveCfg = Pruebas|Any CPU
		{E084D248-7AB7-4329-8845-BEE2594F86E9}.Pruebas|x86.Build.0 = Pruebas|Any CPU
		{E084D248-7AB7-4329-8845-BEE2594F86E9}.Release|Any CPU.ActiveCfg = Release|Any CPU
		{E084D248-7AB7-4329-8845-BEE2594F86E9}.Release|Any CPU.Build.0 = Release|Any CPU
		{E084D248-7AB7-4329-8845-BEE2594F86E9}.Release|Mixed Platforms.ActiveCfg = Release|Any CPU
		{E084D248-7AB7-4329-8845-BEE2594F86E9}.Release|Mixed Platforms.Build.0 = Release|Any CPU
		{E084D248-7AB7-4329-8845-BEE2594F86E9}.Release|x86.ActiveCfg = Release|Any CPU
		{E084D248-7AB7-4329-8845-BEE2594F86E9}.Release|x86.Build.0 = Release|Any CPU
		{41623147-FCA7-4591-9170-00C81442777B}.Debug|Any CPU.ActiveCfg = Debug|Any CPU
		{41623147-FCA7-4591-9170-00C81442777B}.Debug|Any CPU.Build.0 = Debug|Any CPU
		{41623147-FCA7-4591-9170-00C81442777B}.Debug|Mixed Platforms.ActiveCfg = Debug|Any CPU
		{41623147-FCA7-4591-9170-00C81442777B}.Debug|Mixed Platforms.Build.0 = Debug|Any CPU
		{41623147-FCA7-4591-9170-00C81442777B}.Debug|x86.ActiveCfg = Debug|Any CPU
		{41623147-FCA7-4591-9170-00C81442777B}.Debug|x86.Build.0 = Debug|Any CPU
		{41623147-FCA7-4591-9170-00C81442777B}.Pruebas|Any CPU.ActiveCfg = Pruebas|Any CPU
		{41623147-FCA7-4591-9170-00C81442777B}.Pruebas|Any CPU.Build.0 = Pruebas|Any CPU
		{41623147-FCA7-4591-9170-00C81442777B}.Pruebas|Mixed Platforms.ActiveCfg = Pruebas|Any CPU
		{41623147-FCA7-4591-9170-00C81442777B}.Pruebas|Mixed Platforms.Build.0 = Pruebas|Any CPU
		{41623147-FCA7-4591-9170-00C81442777B}.Pruebas|x86.ActiveCfg = Pruebas|Any CPU
		{41623147-FCA7-4591-9170-00C81442777B}.Pruebas|x86.Build.0 = Pruebas|Any CPU
		{41623147-FCA7-4591-9170-00C81442777B}.Release|Any CPU.ActiveCfg = Release|Any CPU
		{41623147-FCA7-4591-9170-00C81442777B}.Release|Any CPU.Build.0 = Release|Any CPU
		{41623147-FCA7-4591-9170-00C81442777B}.Release|Mixed Platforms.ActiveCfg = Release|Any CPU
		{41623147-FCA7-4591-9170-00C81442777B}.Release|Mixed Platforms.Build.0 = Release|Any CPU
		{41623147-FCA7-4591-9170-00C81442777B}.Release|x86.ActiveCfg = Release|Any CPU
		{41623147-FCA7-4591-9170-00C81442777B}.Release|x86.Build.0 = Release|Any CPU
		{D7BCF119-040C-4C76-8392-913838E9CF21}.Debug|Any CPU.ActiveCfg = Debug|Any CPU
		{D7BCF119-040C-4C76-8392-913838E9CF21}.Debug|Any CPU.Build.0 = Debug|Any CPU
		{D7BCF119-040C-4C76-8392-913838E9CF21}.Debug|Mixed Platforms.ActiveCfg = Debug|Any CPU
		{D7BCF119-040C-4C76-8392-913838E9CF21}.Debug|Mixed Platforms.Build.0 = Debug|Any CPU
		{D7BCF119-040C-4C76-8392-913838E9CF21}.Debug|x86.ActiveCfg = Debug|Any CPU
		{D7BCF119-040C-4C76-8392-913838E9CF21}.Debug|x86.Build.0 = Debug|Any CPU
		{D7BCF119-040C-4C76-8392-913838E9CF21}.Pruebas|Any CPU.ActiveCfg = Pruebas|Any CPU
		{D7BCF119-040C-4C76-8392-913838E9CF21}.Pruebas|Any CPU.Build.0 = Pruebas|Any CPU
		{D7BCF119-040C-4C76-8392-913838E9CF21}.Pruebas|Mixed Platforms.ActiveCfg = Pruebas|Any CPU
		{D7BCF119-040C-4C76-8392-913838E9CF21}.Pruebas|Mixed Platforms.Build.0 = Pruebas|Any CPU
		{D7BCF119-040C-4C76-8392-913838E9CF21}.Pruebas|x86.ActiveCfg = Pruebas|Any CPU
		{D7BCF119-040C-4C76-8392-913838E9CF21}.Pruebas|x86.Build.0 = Pruebas|Any CPU
		{D7BCF119-040C-4C76-8392-913838E9CF21}.Release|Any CPU.ActiveCfg = Release|Any CPU
		{D7BCF119-040C-4C76-8392-913838E9CF21}.Release|Any CPU.Build.0 = Release|Any CPU
		{D7BCF119-040C-4C76-8392-913838E9CF21}.Release|Mixed Platforms.ActiveCfg = Release|Any CPU
		{D7BCF119-040C-4C76-8392-913838E9CF21}.Release|Mixed Platforms.Build.0 = Release|Any CPU
		{D7BCF119-040C-4C76-8392-913838E9CF21}.Release|x86.ActiveCfg = Release|Any CPU
		{D7BCF119-040C-4C76-8392-913838E9CF21}.Release|x86.Build.0 = Release|Any CPU
		{FA1B2503-9758-449A-83C8-9A741786A2A3}.Debug|Any CPU.ActiveCfg = Debug|Any CPU
		{FA1B2503-9758-449A-83C8-9A741786A2A3}.Debug|Any CPU.Build.0 = Debug|Any CPU
		{FA1B2503-9758-449A-83C8-9A741786A2A3}.Debug|Mixed Platforms.ActiveCfg = Debug|Any CPU
		{FA1B2503-9758-449A-83C8-9A741786A2A3}.Debug|Mixed Platforms.Build.0 = Debug|Any CPU
		{FA1B2503-9758-449A-83C8-9A741786A2A3}.Debug|x86.ActiveCfg = Debug|Any CPU
		{FA1B2503-9758-449A-83C8-9A741786A2A3}.Debug|x86.Build.0 = Debug|Any CPU
		{FA1B2503-9758-449A-83C8-9A741786A2A3}.Pruebas|Any CPU.ActiveCfg = Pruebas|Any CPU
		{FA1B2503-9758-449A-83C8-9A741786A2A3}.Pruebas|Any CPU.Build.0 = Pruebas|Any CPU
		{FA1B2503-9758-449A-83C8-9A741786A2A3}.Pruebas|Mixed Platforms.ActiveCfg = Pruebas|Any CPU
		{FA1B2503-9758-449A-83C8-9A741786A2A3}.Pruebas|Mixed Platforms.Build.0 = Pruebas|Any CPU
		{FA1B2503-9758-449A-83C8-9A741786A2A3}.Pruebas|x86.ActiveCfg = Pruebas|Any CPU
		{FA1B2503-9758-449A-83C8-9A741786A2A3}.Pruebas|x86.Build.0 = Pruebas|Any CPU
		{FA1B2503-9758-449A-83C8-9A741786A2A3}.Release|Any CPU.ActiveCfg = Release|Any CPU
		{FA1B2503-9758-449A-83C8-9A741786A2A3}.Release|Any CPU.Build.0 = Release|Any CPU
		{FA1B2503-9758-449A-83C8-9A741786A2A3}.Release|Mixed Platforms.ActiveCfg = Release|Any CPU
		{FA1B2503-9758-449A-83C8-9A741786A2A3}.Release|Mixed Platforms.Build.0 = Release|Any CPU
		{FA1B2503-9758-449A-83C8-9A741786A2A3}.Release|x86.ActiveCfg = Release|Any CPU
		{FA1B2503-9758-449A-83C8-9A741786A2A3}.Release|x86.Build.0 = Release|Any CPU
		{60B4D595-3689-4E29-BDA1-21912BA32231}.Debug|Any CPU.ActiveCfg = Debug|Any CPU
		{60B4D595-3689-4E29-BDA1-21912BA32231}.Debug|Any CPU.Build.0 = Debug|Any CPU
		{60B4D595-3689-4E29-BDA1-21912BA32231}.Debug|Mixed Platforms.ActiveCfg = Debug|Any CPU
		{60B4D595-3689-4E29-BDA1-21912BA32231}.Debug|Mixed Platforms.Build.0 = Debug|Any CPU
		{60B4D595-3689-4E29-BDA1-21912BA32231}.Debug|x86.ActiveCfg = Debug|Any CPU
		{60B4D595-3689-4E29-BDA1-21912BA32231}.Debug|x86.Build.0 = Debug|Any CPU
		{60B4D595-3689-4E29-BDA1-21912BA32231}.Pruebas|Any CPU.ActiveCfg = Pruebas|Any CPU
		{60B4D595-3689-4E29-BDA1-21912BA32231}.Pruebas|Any CPU.Build.0 = Pruebas|Any CPU
		{60B4D595-3689-4E29-BDA1-21912BA32231}.Pruebas|Mixed Platforms.ActiveCfg = Pruebas|Any CPU
		{60B4D595-3689-4E29-BDA1-21912BA32231}.Pruebas|Mixed Platforms.Build.0 = Pruebas|Any CPU
		{60B4D595-3689-4E29-BDA1-21912BA32231}.Pruebas|x86.ActiveCfg = Pruebas|Any CPU
		{60B4D595-3689-4E29-BDA1-21912BA32231}.Pruebas|x86.Build.0 = Pruebas|Any CPU
		{60B4D595-3689-4E29-BDA1-21912BA32231}.Release|Any CPU.ActiveCfg = Release|Any CPU
		{60B4D595-3689-4E29-BDA1-21912BA32231}.Release|Any CPU.Build.0 = Release|Any CPU
		{60B4D595-3689-4E29-BDA1-21912BA32231}.Release|Mixed Platforms.ActiveCfg = Release|Any CPU
		{60B4D595-3689-4E29-BDA1-21912BA32231}.Release|Mixed Platforms.Build.0 = Release|Any CPU
		{60B4D595-3689-4E29-BDA1-21912BA32231}.Release|x86.ActiveCfg = Release|Any CPU
		{60B4D595-3689-4E29-BDA1-21912BA32231}.Release|x86.Build.0 = Release|Any CPU
		{4EE56908-53CB-4A50-BAE0-7B1DA48B41B5}.Debug|Any CPU.ActiveCfg = Debug|Any CPU
		{4EE56908-53CB-4A50-BAE0-7B1DA48B41B5}.Debug|Any CPU.Build.0 = Debug|Any CPU
		{4EE56908-53CB-4A50-BAE0-7B1DA48B41B5}.Debug|Mixed Platforms.ActiveCfg = Debug|Any CPU
		{4EE56908-53CB-4A50-BAE0-7B1DA48B41B5}.Debug|Mixed Platforms.Build.0 = Debug|Any CPU
		{4EE56908-53CB-4A50-BAE0-7B1DA48B41B5}.Debug|x86.ActiveCfg = Debug|Any CPU
		{4EE56908-53CB-4A50-BAE0-7B1DA48B41B5}.Debug|x86.Build.0 = Debug|Any CPU
		{4EE56908-53CB-4A50-BAE0-7B1DA48B41B5}.Pruebas|Any CPU.ActiveCfg = Pruebas|Any CPU
		{4EE56908-53CB-4A50-BAE0-7B1DA48B41B5}.Pruebas|Any CPU.Build.0 = Pruebas|Any CPU
		{4EE56908-53CB-4A50-BAE0-7B1DA48B41B5}.Pruebas|Mixed Platforms.ActiveCfg = Pruebas|Any CPU
		{4EE56908-53CB-4A50-BAE0-7B1DA48B41B5}.Pruebas|Mixed Platforms.Build.0 = Pruebas|Any CPU
		{4EE56908-53CB-4A50-BAE0-7B1DA48B41B5}.Pruebas|x86.ActiveCfg = Pruebas|Any CPU
		{4EE56908-53CB-4A50-BAE0-7B1DA48B41B5}.Pruebas|x86.Build.0 = Pruebas|Any CPU
		{4EE56908-53CB-4A50-BAE0-7B1DA48B41B5}.Release|Any CPU.ActiveCfg = Release|Any CPU
		{4EE56908-53CB-4A50-BAE0-7B1DA48B41B5}.Release|Any CPU.Build.0 = Release|Any CPU
		{4EE56908-53CB-4A50-BAE0-7B1DA48B41B5}.Release|Mixed Platforms.ActiveCfg = Release|Any CPU
		{4EE56908-53CB-4A50-BAE0-7B1DA48B41B5}.Release|Mixed Platforms.Build.0 = Release|Any CPU
		{4EE56908-53CB-4A50-BAE0-7B1DA48B41B5}.Release|x86.ActiveCfg = Release|Any CPU
		{4EE56908-53CB-4A50-BAE0-7B1DA48B41B5}.Release|x86.Build.0 = Release|Any CPU
		{025D37AF-05ED-4AEE-B4EB-64F8633F8912}.Debug|Any CPU.ActiveCfg = Debug|Any CPU
		{025D37AF-05ED-4AEE-B4EB-64F8633F8912}.Debug|Any CPU.Build.0 = Debug|Any CPU
		{025D37AF-05ED-4AEE-B4EB-64F8633F8912}.Debug|Mixed Platforms.ActiveCfg = Debug|Any CPU
		{025D37AF-05ED-4AEE-B4EB-64F8633F8912}.Debug|Mixed Platforms.Build.0 = Debug|Any CPU
		{025D37AF-05ED-4AEE-B4EB-64F8633F8912}.Debug|x86.ActiveCfg = Debug|Any CPU
		{025D37AF-05ED-4AEE-B4EB-64F8633F8912}.Debug|x86.Build.0 = Debug|Any CPU
		{025D37AF-05ED-4AEE-B4EB-64F8633F8912}.Pruebas|Any CPU.ActiveCfg = Pruebas|Any CPU
		{025D37AF-05ED-4AEE-B4EB-64F8633F8912}.Pruebas|Any CPU.Build.0 = Pruebas|Any CPU
		{025D37AF-05ED-4AEE-B4EB-64F8633F8912}.Pruebas|Mixed Platforms.ActiveCfg = Pruebas|Any CPU
		{025D37AF-05ED-4AEE-B4EB-64F8633F8912}.Pruebas|Mixed Platforms.Build.0 = Pruebas|Any CPU
		{025D37AF-05ED-4AEE-B4EB-64F8633F8912}.Pruebas|x86.ActiveCfg = Pruebas|Any CPU
		{025D37AF-05ED-4AEE-B4EB-64F8633F8912}.Pruebas|x86.Build.0 = Pruebas|Any CPU
		{025D37AF-05ED-4AEE-B4EB-64F8633F8912}.Release|Any CPU.ActiveCfg = Release|Any CPU
		{025D37AF-05ED-4AEE-B4EB-64F8633F8912}.Release|Any CPU.Build.0 = Release|Any CPU
		{025D37AF-05ED-4AEE-B4EB-64F8633F8912}.Release|Mixed Platforms.ActiveCfg = Release|Any CPU
		{025D37AF-05ED-4AEE-B4EB-64F8633F8912}.Release|Mixed Platforms.Build.0 = Release|Any CPU
		{025D37AF-05ED-4AEE-B4EB-64F8633F8912}.Release|x86.ActiveCfg = Release|Any CPU
		{025D37AF-05ED-4AEE-B4EB-64F8633F8912}.Release|x86.Build.0 = Release|Any CPU
		{42CCEADB-DC5E-465B-8ECE-E50EFCF30175}.Debug|Any CPU.ActiveCfg = Debug|Any CPU
		{42CCEADB-DC5E-465B-8ECE-E50EFCF30175}.Debug|Any CPU.Build.0 = Debug|Any CPU
		{42CCEADB-DC5E-465B-8ECE-E50EFCF30175}.Debug|Mixed Platforms.ActiveCfg = Debug|Any CPU
		{42CCEADB-DC5E-465B-8ECE-E50EFCF30175}.Debug|Mixed Platforms.Build.0 = Debug|Any CPU
		{42CCEADB-DC5E-465B-8ECE-E50EFCF30175}.Debug|x86.ActiveCfg = Debug|Any CPU
		{42CCEADB-DC5E-465B-8ECE-E50EFCF30175}.Debug|x86.Build.0 = Debug|Any CPU
		{42CCEADB-DC5E-465B-8ECE-E50EFCF30175}.Pruebas|Any CPU.ActiveCfg = Pruebas|Any CPU
		{42CCEADB-DC5E-465B-8ECE-E50EFCF30175}.Pruebas|Any CPU.Build.0 = Pruebas|Any CPU
		{42CCEADB-DC5E-465B-8ECE-E50EFCF30175}.Pruebas|Mixed Platforms.ActiveCfg = Pruebas|Any CPU
		{42CCEADB-DC5E-465B-8ECE-E50EFCF30175}.Pruebas|Mixed Platforms.Build.0 = Pruebas|Any CPU
		{42CCEADB-DC5E-465B-8ECE-E50EFCF30175}.Pruebas|x86.ActiveCfg = Pruebas|Any CPU
		{42CCEADB-DC5E-465B-8ECE-E50EFCF30175}.Pruebas|x86.Build.0 = Pruebas|Any CPU
		{42CCEADB-DC5E-465B-8ECE-E50EFCF30175}.Release|Any CPU.ActiveCfg = Release|Any CPU
		{42CCEADB-DC5E-465B-8ECE-E50EFCF30175}.Release|Any CPU.Build.0 = Release|Any CPU
		{42CCEADB-DC5E-465B-8ECE-E50EFCF30175}.Release|Mixed Platforms.ActiveCfg = Release|Any CPU
		{42CCEADB-DC5E-465B-8ECE-E50EFCF30175}.Release|Mixed Platforms.Build.0 = Release|Any CPU
		{42CCEADB-DC5E-465B-8ECE-E50EFCF30175}.Release|x86.ActiveCfg = Release|Any CPU
		{42CCEADB-DC5E-465B-8ECE-E50EFCF30175}.Release|x86.Build.0 = Release|Any CPU
		{CFDA02D5-286A-47AC-83FC-D51EC5AA79FA}.Debug|Any CPU.ActiveCfg = Debug|Any CPU
		{CFDA02D5-286A-47AC-83FC-D51EC5AA79FA}.Debug|Mixed Platforms.ActiveCfg = Debug|Any CPU
		{CFDA02D5-286A-47AC-83FC-D51EC5AA79FA}.Debug|Mixed Platforms.Build.0 = Debug|Any CPU
		{CFDA02D5-286A-47AC-83FC-D51EC5AA79FA}.Debug|x86.ActiveCfg = Debug|Any CPU
		{CFDA02D5-286A-47AC-83FC-D51EC5AA79FA}.Debug|x86.Build.0 = Debug|Any CPU
		{CFDA02D5-286A-47AC-83FC-D51EC5AA79FA}.Pruebas|Any CPU.ActiveCfg = Pruebas|Any CPU
		{CFDA02D5-286A-47AC-83FC-D51EC5AA79FA}.Pruebas|Any CPU.Build.0 = Pruebas|Any CPU
		{CFDA02D5-286A-47AC-83FC-D51EC5AA79FA}.Pruebas|Mixed Platforms.ActiveCfg = Pruebas|Any CPU
		{CFDA02D5-286A-47AC-83FC-D51EC5AA79FA}.Pruebas|Mixed Platforms.Build.0 = Pruebas|Any CPU
		{CFDA02D5-286A-47AC-83FC-D51EC5AA79FA}.Pruebas|x86.ActiveCfg = Pruebas|Any CPU
		{CFDA02D5-286A-47AC-83FC-D51EC5AA79FA}.Pruebas|x86.Build.0 = Pruebas|Any CPU
		{CFDA02D5-286A-47AC-83FC-D51EC5AA79FA}.Release|Any CPU.ActiveCfg = Release|Any CPU
		{CFDA02D5-286A-47AC-83FC-D51EC5AA79FA}.Release|Any CPU.Build.0 = Release|Any CPU
		{CFDA02D5-286A-47AC-83FC-D51EC5AA79FA}.Release|Mixed Platforms.ActiveCfg = Release|Any CPU
		{CFDA02D5-286A-47AC-83FC-D51EC5AA79FA}.Release|Mixed Platforms.Build.0 = Release|Any CPU
		{CFDA02D5-286A-47AC-83FC-D51EC5AA79FA}.Release|x86.ActiveCfg = Release|Any CPU
		{CFDA02D5-286A-47AC-83FC-D51EC5AA79FA}.Release|x86.Build.0 = Release|Any CPU
		{1711ED94-83DB-44CD-A837-62D3384BC9A7}.Debug|Any CPU.ActiveCfg = Debug|Any CPU
		{1711ED94-83DB-44CD-A837-62D3384BC9A7}.Debug|Any CPU.Build.0 = Debug|Any CPU
		{1711ED94-83DB-44CD-A837-62D3384BC9A7}.Debug|Mixed Platforms.ActiveCfg = Debug|Any CPU
		{1711ED94-83DB-44CD-A837-62D3384BC9A7}.Debug|Mixed Platforms.Build.0 = Debug|Any CPU
		{1711ED94-83DB-44CD-A837-62D3384BC9A7}.Debug|x86.ActiveCfg = Debug|Any CPU
		{1711ED94-83DB-44CD-A837-62D3384BC9A7}.Debug|x86.Build.0 = Debug|Any CPU
		{1711ED94-83DB-44CD-A837-62D3384BC9A7}.Pruebas|Any CPU.ActiveCfg = Pruebas|Any CPU
		{1711ED94-83DB-44CD-A837-62D3384BC9A7}.Pruebas|Any CPU.Build.0 = Pruebas|Any CPU
		{1711ED94-83DB-44CD-A837-62D3384BC9A7}.Pruebas|Mixed Platforms.ActiveCfg = Pruebas|Any CPU
		{1711ED94-83DB-44CD-A837-62D3384BC9A7}.Pruebas|Mixed Platforms.Build.0 = Pruebas|Any CPU
		{1711ED94-83DB-44CD-A837-62D3384BC9A7}.Pruebas|x86.ActiveCfg = Pruebas|Any CPU
		{1711ED94-83DB-44CD-A837-62D3384BC9A7}.Pruebas|x86.Build.0 = Pruebas|Any CPU
		{1711ED94-83DB-44CD-A837-62D3384BC9A7}.Release|Any CPU.ActiveCfg = Release|Any CPU
		{1711ED94-83DB-44CD-A837-62D3384BC9A7}.Release|Any CPU.Build.0 = Release|Any CPU
		{1711ED94-83DB-44CD-A837-62D3384BC9A7}.Release|Mixed Platforms.ActiveCfg = Release|Any CPU
		{1711ED94-83DB-44CD-A837-62D3384BC9A7}.Release|Mixed Platforms.Build.0 = Release|Any CPU
		{1711ED94-83DB-44CD-A837-62D3384BC9A7}.Release|x86.ActiveCfg = Release|Any CPU
		{1711ED94-83DB-44CD-A837-62D3384BC9A7}.Release|x86.Build.0 = Release|Any CPU
		{7D09816B-36A7-42EA-92A1-CACE3CAAA380}.Debug|Any CPU.ActiveCfg = Debug|Any CPU
		{7D09816B-36A7-42EA-92A1-CACE3CAAA380}.Debug|Any CPU.Build.0 = Debug|Any CPU
		{7D09816B-36A7-42EA-92A1-CACE3CAAA380}.Debug|Mixed Platforms.ActiveCfg = Debug|Any CPU
		{7D09816B-36A7-42EA-92A1-CACE3CAAA380}.Debug|Mixed Platforms.Build.0 = Debug|Any CPU
		{7D09816B-36A7-42EA-92A1-CACE3CAAA380}.Debug|x86.ActiveCfg = Debug|Any CPU
		{7D09816B-36A7-42EA-92A1-CACE3CAAA380}.Debug|x86.Build.0 = Debug|Any CPU
		{7D09816B-36A7-42EA-92A1-CACE3CAAA380}.Pruebas|Any CPU.ActiveCfg = Pruebas|Any CPU
		{7D09816B-36A7-42EA-92A1-CACE3CAAA380}.Pruebas|Any CPU.Build.0 = Pruebas|Any CPU
		{7D09816B-36A7-42EA-92A1-CACE3CAAA380}.Pruebas|Mixed Platforms.ActiveCfg = Pruebas|Any CPU
		{7D09816B-36A7-42EA-92A1-CACE3CAAA380}.Pruebas|Mixed Platforms.Build.0 = Pruebas|Any CPU
		{7D09816B-36A7-42EA-92A1-CACE3CAAA380}.Pruebas|x86.ActiveCfg = Pruebas|Any CPU
		{7D09816B-36A7-42EA-92A1-CACE3CAAA380}.Pruebas|x86.Build.0 = Pruebas|Any CPU
		{7D09816B-36A7-42EA-92A1-CACE3CAAA380}.Release|Any CPU.ActiveCfg = Release|Any CPU
		{7D09816B-36A7-42EA-92A1-CACE3CAAA380}.Release|Any CPU.Build.0 = Release|Any CPU
		{7D09816B-36A7-42EA-92A1-CACE3CAAA380}.Release|Mixed Platforms.ActiveCfg = Release|Any CPU
		{7D09816B-36A7-42EA-92A1-CACE3CAAA380}.Release|Mixed Platforms.Build.0 = Release|Any CPU
		{7D09816B-36A7-42EA-92A1-CACE3CAAA380}.Release|x86.ActiveCfg = Release|Any CPU
		{7D09816B-36A7-42EA-92A1-CACE3CAAA380}.Release|x86.Build.0 = Release|Any CPU
		{814B32F1-0C64-4914-8AC5-8469D48EDA8D}.Debug|Any CPU.ActiveCfg = Debug|Any CPU
		{814B32F1-0C64-4914-8AC5-8469D48EDA8D}.Debug|Any CPU.Build.0 = Debug|Any CPU
		{814B32F1-0C64-4914-8AC5-8469D48EDA8D}.Debug|Mixed Platforms.ActiveCfg = Debug|x86
		{814B32F1-0C64-4914-8AC5-8469D48EDA8D}.Debug|Mixed Platforms.Build.0 = Debug|x86
		{814B32F1-0C64-4914-8AC5-8469D48EDA8D}.Debug|x86.ActiveCfg = Debug|x86
		{814B32F1-0C64-4914-8AC5-8469D48EDA8D}.Debug|x86.Build.0 = Debug|x86
		{814B32F1-0C64-4914-8AC5-8469D48EDA8D}.Pruebas|Any CPU.ActiveCfg = Pruebas|Any CPU
		{814B32F1-0C64-4914-8AC5-8469D48EDA8D}.Pruebas|Any CPU.Build.0 = Pruebas|Any CPU
		{814B32F1-0C64-4914-8AC5-8469D48EDA8D}.Pruebas|Mixed Platforms.ActiveCfg = Pruebas|x86
		{814B32F1-0C64-4914-8AC5-8469D48EDA8D}.Pruebas|Mixed Platforms.Build.0 = Pruebas|x86
		{814B32F1-0C64-4914-8AC5-8469D48EDA8D}.Pruebas|x86.ActiveCfg = Pruebas|x86
		{814B32F1-0C64-4914-8AC5-8469D48EDA8D}.Pruebas|x86.Build.0 = Pruebas|x86
		{814B32F1-0C64-4914-8AC5-8469D48EDA8D}.Release|Any CPU.ActiveCfg = Release|Any CPU
		{814B32F1-0C64-4914-8AC5-8469D48EDA8D}.Release|Any CPU.Build.0 = Release|Any CPU
		{814B32F1-0C64-4914-8AC5-8469D48EDA8D}.Release|Mixed Platforms.ActiveCfg = Release|x86
		{814B32F1-0C64-4914-8AC5-8469D48EDA8D}.Release|Mixed Platforms.Build.0 = Release|x86
		{814B32F1-0C64-4914-8AC5-8469D48EDA8D}.Release|x86.ActiveCfg = Release|x86
		{814B32F1-0C64-4914-8AC5-8469D48EDA8D}.Release|x86.Build.0 = Release|x86
		{AC8C46EB-E356-42AD-AE2B-350EB81C63BA}.Debug|Any CPU.ActiveCfg = Debug|Any CPU
		{AC8C46EB-E356-42AD-AE2B-350EB81C63BA}.Debug|Any CPU.Build.0 = Debug|Any CPU
		{AC8C46EB-E356-42AD-AE2B-350EB81C63BA}.Debug|Mixed Platforms.ActiveCfg = Debug|x86
		{AC8C46EB-E356-42AD-AE2B-350EB81C63BA}.Debug|Mixed Platforms.Build.0 = Debug|x86
		{AC8C46EB-E356-42AD-AE2B-350EB81C63BA}.Debug|x86.ActiveCfg = Debug|x86
		{AC8C46EB-E356-42AD-AE2B-350EB81C63BA}.Debug|x86.Build.0 = Debug|x86
		{AC8C46EB-E356-42AD-AE2B-350EB81C63BA}.Pruebas|Any CPU.ActiveCfg = Pruebas|Any CPU
		{AC8C46EB-E356-42AD-AE2B-350EB81C63BA}.Pruebas|Any CPU.Build.0 = Pruebas|Any CPU
		{AC8C46EB-E356-42AD-AE2B-350EB81C63BA}.Pruebas|Mixed Platforms.ActiveCfg = Pruebas|x86
		{AC8C46EB-E356-42AD-AE2B-350EB81C63BA}.Pruebas|Mixed Platforms.Build.0 = Pruebas|x86
		{AC8C46EB-E356-42AD-AE2B-350EB81C63BA}.Pruebas|x86.ActiveCfg = Pruebas|x86
		{AC8C46EB-E356-42AD-AE2B-350EB81C63BA}.Pruebas|x86.Build.0 = Pruebas|x86
		{AC8C46EB-E356-42AD-AE2B-350EB81C63BA}.Release|Any CPU.ActiveCfg = Release|Any CPU
		{AC8C46EB-E356-42AD-AE2B-350EB81C63BA}.Release|Any CPU.Build.0 = Release|Any CPU
		{AC8C46EB-E356-42AD-AE2B-350EB81C63BA}.Release|Mixed Platforms.ActiveCfg = Release|x86
		{AC8C46EB-E356-42AD-AE2B-350EB81C63BA}.Release|Mixed Platforms.Build.0 = Release|x86
		{AC8C46EB-E356-42AD-AE2B-350EB81C63BA}.Release|x86.ActiveCfg = Release|x86
		{AC8C46EB-E356-42AD-AE2B-350EB81C63BA}.Release|x86.Build.0 = Release|x86
		{6A59C841-0997-41A1-AB9D-0CAE3C35061C}.Debug|Any CPU.ActiveCfg = Debug|Any CPU
		{6A59C841-0997-41A1-AB9D-0CAE3C35061C}.Debug|Any CPU.Build.0 = Debug|Any CPU
		{6A59C841-0997-41A1-AB9D-0CAE3C35061C}.Debug|Mixed Platforms.ActiveCfg = Debug|x86
		{6A59C841-0997-41A1-AB9D-0CAE3C35061C}.Debug|Mixed Platforms.Build.0 = Debug|x86
		{6A59C841-0997-41A1-AB9D-0CAE3C35061C}.Debug|x86.ActiveCfg = Debug|x86
		{6A59C841-0997-41A1-AB9D-0CAE3C35061C}.Debug|x86.Build.0 = Debug|x86
		{6A59C841-0997-41A1-AB9D-0CAE3C35061C}.Pruebas|Any CPU.ActiveCfg = Pruebas|Any CPU
		{6A59C841-0997-41A1-AB9D-0CAE3C35061C}.Pruebas|Any CPU.Build.0 = Pruebas|Any CPU
		{6A59C841-0997-41A1-AB9D-0CAE3C35061C}.Pruebas|Mixed Platforms.ActiveCfg = Pruebas|x86
		{6A59C841-0997-41A1-AB9D-0CAE3C35061C}.Pruebas|Mixed Platforms.Build.0 = Pruebas|x86
		{6A59C841-0997-41A1-AB9D-0CAE3C35061C}.Pruebas|x86.ActiveCfg = Pruebas|x86
		{6A59C841-0997-41A1-AB9D-0CAE3C35061C}.Pruebas|x86.Build.0 = Pruebas|x86
		{6A59C841-0997-41A1-AB9D-0CAE3C35061C}.Release|Any CPU.ActiveCfg = Release|Any CPU
		{6A59C841-0997-41A1-AB9D-0CAE3C35061C}.Release|Any CPU.Build.0 = Release|Any CPU
		{6A59C841-0997-41A1-AB9D-0CAE3C35061C}.Release|Mixed Platforms.ActiveCfg = Release|x86
		{6A59C841-0997-41A1-AB9D-0CAE3C35061C}.Release|Mixed Platforms.Build.0 = Release|x86
		{6A59C841-0997-41A1-AB9D-0CAE3C35061C}.Release|x86.ActiveCfg = Release|x86
		{6A59C841-0997-41A1-AB9D-0CAE3C35061C}.Release|x86.Build.0 = Release|x86
		{3D03C9BC-BB14-4F63-8453-78D6CB668FC4}.Debug|Any CPU.ActiveCfg = Debug|Any CPU
		{3D03C9BC-BB14-4F63-8453-78D6CB668FC4}.Debug|Any CPU.Build.0 = Debug|Any CPU
		{3D03C9BC-BB14-4F63-8453-78D6CB668FC4}.Debug|Mixed Platforms.ActiveCfg = Debug|Any CPU
		{3D03C9BC-BB14-4F63-8453-78D6CB668FC4}.Debug|Mixed Platforms.Build.0 = Debug|Any CPU
		{3D03C9BC-BB14-4F63-8453-78D6CB668FC4}.Debug|x86.ActiveCfg = Debug|Any CPU
		{3D03C9BC-BB14-4F63-8453-78D6CB668FC4}.Debug|x86.Build.0 = Debug|Any CPU
		{3D03C9BC-BB14-4F63-8453-78D6CB668FC4}.Pruebas|Any CPU.ActiveCfg = Pruebas|Any CPU
		{3D03C9BC-BB14-4F63-8453-78D6CB668FC4}.Pruebas|Any CPU.Build.0 = Pruebas|Any CPU
		{3D03C9BC-BB14-4F63-8453-78D6CB668FC4}.Pruebas|Mixed Platforms.ActiveCfg = Pruebas|Any CPU
		{3D03C9BC-BB14-4F63-8453-78D6CB668FC4}.Pruebas|Mixed Platforms.Build.0 = Pruebas|Any CPU
		{3D03C9BC-BB14-4F63-8453-78D6CB668FC4}.Pruebas|x86.ActiveCfg = Pruebas|Any CPU
		{3D03C9BC-BB14-4F63-8453-78D6CB668FC4}.Pruebas|x86.Build.0 = Pruebas|Any CPU
		{3D03C9BC-BB14-4F63-8453-78D6CB668FC4}.Release|Any CPU.ActiveCfg = Release|Any CPU
		{3D03C9BC-BB14-4F63-8453-78D6CB668FC4}.Release|Any CPU.Build.0 = Release|Any CPU
		{3D03C9BC-BB14-4F63-8453-78D6CB668FC4}.Release|Mixed Platforms.ActiveCfg = Release|Any CPU
		{3D03C9BC-BB14-4F63-8453-78D6CB668FC4}.Release|Mixed Platforms.Build.0 = Release|Any CPU
		{3D03C9BC-BB14-4F63-8453-78D6CB668FC4}.Release|x86.ActiveCfg = Release|Any CPU
		{3D03C9BC-BB14-4F63-8453-78D6CB668FC4}.Release|x86.Build.0 = Release|Any CPU
		{170D9BB4-C8FF-440B-93B2-4E35AB2CC155}.Debug|Any CPU.ActiveCfg = Debug|Any CPU
		{170D9BB4-C8FF-440B-93B2-4E35AB2CC155}.Debug|Any CPU.Build.0 = Debug|Any CPU
		{170D9BB4-C8FF-440B-93B2-4E35AB2CC155}.Debug|Mixed Platforms.ActiveCfg = Debug|Any CPU
		{170D9BB4-C8FF-440B-93B2-4E35AB2CC155}.Debug|Mixed Platforms.Build.0 = Debug|Any CPU
		{170D9BB4-C8FF-440B-93B2-4E35AB2CC155}.Debug|x86.ActiveCfg = Debug|Any CPU
		{170D9BB4-C8FF-440B-93B2-4E35AB2CC155}.Debug|x86.Build.0 = Debug|Any CPU
		{170D9BB4-C8FF-440B-93B2-4E35AB2CC155}.Pruebas|Any CPU.ActiveCfg = Pruebas|Any CPU
		{170D9BB4-C8FF-440B-93B2-4E35AB2CC155}.Pruebas|Any CPU.Build.0 = Pruebas|Any CPU
		{170D9BB4-C8FF-440B-93B2-4E35AB2CC155}.Pruebas|Mixed Platforms.ActiveCfg = Pruebas|Any CPU
		{170D9BB4-C8FF-440B-93B2-4E35AB2CC155}.Pruebas|Mixed Platforms.Build.0 = Pruebas|Any CPU
		{170D9BB4-C8FF-440B-93B2-4E35AB2CC155}.Pruebas|x86.ActiveCfg = Pruebas|Any CPU
		{170D9BB4-C8FF-440B-93B2-4E35AB2CC155}.Pruebas|x86.Build.0 = Pruebas|Any CPU
		{170D9BB4-C8FF-440B-93B2-4E35AB2CC155}.Release|Any CPU.ActiveCfg = Release|Any CPU
		{170D9BB4-C8FF-440B-93B2-4E35AB2CC155}.Release|Any CPU.Build.0 = Release|Any CPU
		{170D9BB4-C8FF-440B-93B2-4E35AB2CC155}.Release|Mixed Platforms.ActiveCfg = Release|Any CPU
		{170D9BB4-C8FF-440B-93B2-4E35AB2CC155}.Release|Mixed Platforms.Build.0 = Release|Any CPU
		{170D9BB4-C8FF-440B-93B2-4E35AB2CC155}.Release|x86.ActiveCfg = Release|Any CPU
		{170D9BB4-C8FF-440B-93B2-4E35AB2CC155}.Release|x86.Build.0 = Release|Any CPU
		{4949B1C2-6C67-4F61-B472-15046780FCAF}.Debug|Any CPU.ActiveCfg = Debug|Any CPU
		{4949B1C2-6C67-4F61-B472-15046780FCAF}.Debug|Any CPU.Build.0 = Debug|Any CPU
		{4949B1C2-6C67-4F61-B472-15046780FCAF}.Debug|Mixed Platforms.ActiveCfg = Debug|Any CPU
		{4949B1C2-6C67-4F61-B472-15046780FCAF}.Debug|Mixed Platforms.Build.0 = Debug|Any CPU
		{4949B1C2-6C67-4F61-B472-15046780FCAF}.Debug|x86.ActiveCfg = Debug|Any CPU
		{4949B1C2-6C67-4F61-B472-15046780FCAF}.Debug|x86.Build.0 = Debug|Any CPU
		{4949B1C2-6C67-4F61-B472-15046780FCAF}.Pruebas|Any CPU.ActiveCfg = Pruebas|Any CPU
		{4949B1C2-6C67-4F61-B472-15046780FCAF}.Pruebas|Any CPU.Build.0 = Pruebas|Any CPU
		{4949B1C2-6C67-4F61-B472-15046780FCAF}.Pruebas|Mixed Platforms.ActiveCfg = Pruebas|Any CPU
		{4949B1C2-6C67-4F61-B472-15046780FCAF}.Pruebas|Mixed Platforms.Build.0 = Pruebas|Any CPU
		{4949B1C2-6C67-4F61-B472-15046780FCAF}.Pruebas|x86.ActiveCfg = Pruebas|Any CPU
		{4949B1C2-6C67-4F61-B472-15046780FCAF}.Pruebas|x86.Build.0 = Pruebas|Any CPU
		{4949B1C2-6C67-4F61-B472-15046780FCAF}.Release|Any CPU.ActiveCfg = Release|Any CPU
		{4949B1C2-6C67-4F61-B472-15046780FCAF}.Release|Any CPU.Build.0 = Release|Any CPU
		{4949B1C2-6C67-4F61-B472-15046780FCAF}.Release|Mixed Platforms.ActiveCfg = Release|Any CPU
		{4949B1C2-6C67-4F61-B472-15046780FCAF}.Release|Mixed Platforms.Build.0 = Release|Any CPU
		{4949B1C2-6C67-4F61-B472-15046780FCAF}.Release|x86.ActiveCfg = Release|Any CPU
		{4949B1C2-6C67-4F61-B472-15046780FCAF}.Release|x86.Build.0 = Release|Any CPU
		{5DA853DD-F55C-413F-8354-E8EA2F7F0CF4}.Debug|Any CPU.ActiveCfg = Debug|Any CPU
		{5DA853DD-F55C-413F-8354-E8EA2F7F0CF4}.Debug|Any CPU.Build.0 = Debug|Any CPU
		{5DA853DD-F55C-413F-8354-E8EA2F7F0CF4}.Debug|Mixed Platforms.ActiveCfg = Debug|Any CPU
		{5DA853DD-F55C-413F-8354-E8EA2F7F0CF4}.Debug|Mixed Platforms.Build.0 = Debug|Any CPU
		{5DA853DD-F55C-413F-8354-E8EA2F7F0CF4}.Debug|x86.ActiveCfg = Debug|Any CPU
		{5DA853DD-F55C-413F-8354-E8EA2F7F0CF4}.Debug|x86.Build.0 = Debug|Any CPU
		{5DA853DD-F55C-413F-8354-E8EA2F7F0CF4}.Pruebas|Any CPU.ActiveCfg = Pruebas|Any CPU
		{5DA853DD-F55C-413F-8354-E8EA2F7F0CF4}.Pruebas|Any CPU.Build.0 = Pruebas|Any CPU
		{5DA853DD-F55C-413F-8354-E8EA2F7F0CF4}.Pruebas|Mixed Platforms.ActiveCfg = Pruebas|Any CPU
		{5DA853DD-F55C-413F-8354-E8EA2F7F0CF4}.Pruebas|Mixed Platforms.Build.0 = Pruebas|Any CPU
		{5DA853DD-F55C-413F-8354-E8EA2F7F0CF4}.Pruebas|x86.ActiveCfg = Pruebas|Any CPU
		{5DA853DD-F55C-413F-8354-E8EA2F7F0CF4}.Pruebas|x86.Build.0 = Pruebas|Any CPU
		{5DA853DD-F55C-413F-8354-E8EA2F7F0CF4}.Release|Any CPU.ActiveCfg = Release|Any CPU
		{5DA853DD-F55C-413F-8354-E8EA2F7F0CF4}.Release|Any CPU.Build.0 = Release|Any CPU
		{5DA853DD-F55C-413F-8354-E8EA2F7F0CF4}.Release|Mixed Platforms.ActiveCfg = Release|Any CPU
		{5DA853DD-F55C-413F-8354-E8EA2F7F0CF4}.Release|Mixed Platforms.Build.0 = Release|Any CPU
		{5DA853DD-F55C-413F-8354-E8EA2F7F0CF4}.Release|x86.ActiveCfg = Release|Any CPU
		{5DA853DD-F55C-413F-8354-E8EA2F7F0CF4}.Release|x86.Build.0 = Release|Any CPU
		{67496A68-CF31-4106-85A4-0F7BA357FD38}.Debug|Any CPU.ActiveCfg = Debug|Any CPU
		{67496A68-CF31-4106-85A4-0F7BA357FD38}.Debug|Any CPU.Build.0 = Debug|Any CPU
		{67496A68-CF31-4106-85A4-0F7BA357FD38}.Debug|Mixed Platforms.ActiveCfg = Debug|Any CPU
		{67496A68-CF31-4106-85A4-0F7BA357FD38}.Debug|Mixed Platforms.Build.0 = Debug|Any CPU
		{67496A68-CF31-4106-85A4-0F7BA357FD38}.Debug|x86.ActiveCfg = Debug|Any CPU
		{67496A68-CF31-4106-85A4-0F7BA357FD38}.Debug|x86.Build.0 = Debug|Any CPU
		{67496A68-CF31-4106-85A4-0F7BA357FD38}.Pruebas|Any CPU.ActiveCfg = Pruebas|Any CPU
		{67496A68-CF31-4106-85A4-0F7BA357FD38}.Pruebas|Any CPU.Build.0 = Pruebas|Any CPU
		{67496A68-CF31-4106-85A4-0F7BA357FD38}.Pruebas|Mixed Platforms.ActiveCfg = Pruebas|Any CPU
		{67496A68-CF31-4106-85A4-0F7BA357FD38}.Pruebas|Mixed Platforms.Build.0 = Pruebas|Any CPU
		{67496A68-CF31-4106-85A4-0F7BA357FD38}.Pruebas|x86.ActiveCfg = Pruebas|Any CPU
		{67496A68-CF31-4106-85A4-0F7BA357FD38}.Pruebas|x86.Build.0 = Pruebas|Any CPU
		{67496A68-CF31-4106-85A4-0F7BA357FD38}.Release|Any CPU.ActiveCfg = Release|Any CPU
		{67496A68-CF31-4106-85A4-0F7BA357FD38}.Release|Any CPU.Build.0 = Release|Any CPU
		{67496A68-CF31-4106-85A4-0F7BA357FD38}.Release|Mixed Platforms.ActiveCfg = Release|Any CPU
		{67496A68-CF31-4106-85A4-0F7BA357FD38}.Release|Mixed Platforms.Build.0 = Release|Any CPU
		{67496A68-CF31-4106-85A4-0F7BA357FD38}.Release|x86.ActiveCfg = Release|Any CPU
		{67496A68-CF31-4106-85A4-0F7BA357FD38}.Release|x86.Build.0 = Release|Any CPU
		{6555F5C0-B3FA-4D4E-9A0C-7B6FEB54061B}.Debug|Any CPU.ActiveCfg = Debug|Any CPU
		{6555F5C0-B3FA-4D4E-9A0C-7B6FEB54061B}.Debug|Any CPU.Build.0 = Debug|Any CPU
		{6555F5C0-B3FA-4D4E-9A0C-7B6FEB54061B}.Debug|Mixed Platforms.ActiveCfg = Debug|Any CPU
		{6555F5C0-B3FA-4D4E-9A0C-7B6FEB54061B}.Debug|Mixed Platforms.Build.0 = Debug|Any CPU
		{6555F5C0-B3FA-4D4E-9A0C-7B6FEB54061B}.Debug|x86.ActiveCfg = Debug|Any CPU
		{6555F5C0-B3FA-4D4E-9A0C-7B6FEB54061B}.Debug|x86.Build.0 = Debug|Any CPU
		{6555F5C0-B3FA-4D4E-9A0C-7B6FEB54061B}.Pruebas|Any CPU.ActiveCfg = Pruebas|Any CPU
		{6555F5C0-B3FA-4D4E-9A0C-7B6FEB54061B}.Pruebas|Any CPU.Build.0 = Pruebas|Any CPU
		{6555F5C0-B3FA-4D4E-9A0C-7B6FEB54061B}.Pruebas|Mixed Platforms.ActiveCfg = Pruebas|Any CPU
		{6555F5C0-B3FA-4D4E-9A0C-7B6FEB54061B}.Pruebas|Mixed Platforms.Build.0 = Pruebas|Any CPU
		{6555F5C0-B3FA-4D4E-9A0C-7B6FEB54061B}.Pruebas|x86.ActiveCfg = Pruebas|Any CPU
		{6555F5C0-B3FA-4D4E-9A0C-7B6FEB54061B}.Pruebas|x86.Build.0 = Pruebas|Any CPU
		{6555F5C0-B3FA-4D4E-9A0C-7B6FEB54061B}.Release|Any CPU.ActiveCfg = Release|Any CPU
		{6555F5C0-B3FA-4D4E-9A0C-7B6FEB54061B}.Release|Any CPU.Build.0 = Release|Any CPU
		{6555F5C0-B3FA-4D4E-9A0C-7B6FEB54061B}.Release|Mixed Platforms.ActiveCfg = Release|Any CPU
		{6555F5C0-B3FA-4D4E-9A0C-7B6FEB54061B}.Release|Mixed Platforms.Build.0 = Release|Any CPU
		{6555F5C0-B3FA-4D4E-9A0C-7B6FEB54061B}.Release|x86.ActiveCfg = Release|Any CPU
		{6555F5C0-B3FA-4D4E-9A0C-7B6FEB54061B}.Release|x86.Build.0 = Release|Any CPU
		{75F7BCBE-E398-4E63-A51F-A930AEFFAF67}.Debug|Any CPU.ActiveCfg = Debug|Any CPU
		{75F7BCBE-E398-4E63-A51F-A930AEFFAF67}.Debug|Any CPU.Build.0 = Debug|Any CPU
		{75F7BCBE-E398-4E63-A51F-A930AEFFAF67}.Debug|Mixed Platforms.ActiveCfg = Debug|Any CPU
		{75F7BCBE-E398-4E63-A51F-A930AEFFAF67}.Debug|Mixed Platforms.Build.0 = Debug|Any CPU
		{75F7BCBE-E398-4E63-A51F-A930AEFFAF67}.Debug|x86.ActiveCfg = Debug|Any CPU
		{75F7BCBE-E398-4E63-A51F-A930AEFFAF67}.Debug|x86.Build.0 = Debug|Any CPU
		{75F7BCBE-E398-4E63-A51F-A930AEFFAF67}.Pruebas|Any CPU.ActiveCfg = Pruebas|Any CPU
		{75F7BCBE-E398-4E63-A51F-A930AEFFAF67}.Pruebas|Any CPU.Build.0 = Pruebas|Any CPU
		{75F7BCBE-E398-4E63-A51F-A930AEFFAF67}.Pruebas|Mixed Platforms.ActiveCfg = Pruebas|Any CPU
		{75F7BCBE-E398-4E63-A51F-A930AEFFAF67}.Pruebas|Mixed Platforms.Build.0 = Pruebas|Any CPU
		{75F7BCBE-E398-4E63-A51F-A930AEFFAF67}.Pruebas|x86.ActiveCfg = Pruebas|Any CPU
		{75F7BCBE-E398-4E63-A51F-A930AEFFAF67}.Pruebas|x86.Build.0 = Pruebas|Any CPU
		{75F7BCBE-E398-4E63-A51F-A930AEFFAF67}.Release|Any CPU.ActiveCfg = Release|Any CPU
		{75F7BCBE-E398-4E63-A51F-A930AEFFAF67}.Release|Any CPU.Build.0 = Release|Any CPU
		{75F7BCBE-E398-4E63-A51F-A930AEFFAF67}.Release|Mixed Platforms.ActiveCfg = Release|Any CPU
		{75F7BCBE-E398-4E63-A51F-A930AEFFAF67}.Release|Mixed Platforms.Build.0 = Release|Any CPU
		{75F7BCBE-E398-4E63-A51F-A930AEFFAF67}.Release|x86.ActiveCfg = Release|Any CPU
		{75F7BCBE-E398-4E63-A51F-A930AEFFAF67}.Release|x86.Build.0 = Release|Any CPU
		{EBFB5500-D2E3-4CBD-981F-8502A3D19436}.Debug|Any CPU.ActiveCfg = Debug|Any CPU
		{EBFB5500-D2E3-4CBD-981F-8502A3D19436}.Debug|Any CPU.Build.0 = Debug|Any CPU
		{EBFB5500-D2E3-4CBD-981F-8502A3D19436}.Debug|Mixed Platforms.ActiveCfg = Debug|Any CPU
		{EBFB5500-D2E3-4CBD-981F-8502A3D19436}.Debug|Mixed Platforms.Build.0 = Debug|Any CPU
		{EBFB5500-D2E3-4CBD-981F-8502A3D19436}.Debug|x86.ActiveCfg = Debug|Any CPU
		{EBFB5500-D2E3-4CBD-981F-8502A3D19436}.Debug|x86.Build.0 = Debug|Any CPU
		{EBFB5500-D2E3-4CBD-981F-8502A3D19436}.Pruebas|Any CPU.ActiveCfg = Pruebas|Any CPU
		{EBFB5500-D2E3-4CBD-981F-8502A3D19436}.Pruebas|Any CPU.Build.0 = Pruebas|Any CPU
		{EBFB5500-D2E3-4CBD-981F-8502A3D19436}.Pruebas|Mixed Platforms.ActiveCfg = Pruebas|Any CPU
		{EBFB5500-D2E3-4CBD-981F-8502A3D19436}.Pruebas|Mixed Platforms.Build.0 = Pruebas|Any CPU
		{EBFB5500-D2E3-4CBD-981F-8502A3D19436}.Pruebas|x86.ActiveCfg = Pruebas|Any CPU
		{EBFB5500-D2E3-4CBD-981F-8502A3D19436}.Pruebas|x86.Build.0 = Pruebas|Any CPU
		{EBFB5500-D2E3-4CBD-981F-8502A3D19436}.Release|Any CPU.ActiveCfg = Release|Any CPU
		{EBFB5500-D2E3-4CBD-981F-8502A3D19436}.Release|Any CPU.Build.0 = Release|Any CPU
		{EBFB5500-D2E3-4CBD-981F-8502A3D19436}.Release|Mixed Platforms.ActiveCfg = Release|Any CPU
		{EBFB5500-D2E3-4CBD-981F-8502A3D19436}.Release|Mixed Platforms.Build.0 = Release|Any CPU
		{EBFB5500-D2E3-4CBD-981F-8502A3D19436}.Release|x86.ActiveCfg = Release|Any CPU
		{EBFB5500-D2E3-4CBD-981F-8502A3D19436}.Release|x86.Build.0 = Release|Any CPU
		{0BAE8476-FB2B-4180-ABB5-4FD910397090}.Debug|Any CPU.ActiveCfg = Debug|Any CPU
		{0BAE8476-FB2B-4180-ABB5-4FD910397090}.Debug|Any CPU.Build.0 = Debug|Any CPU
		{0BAE8476-FB2B-4180-ABB5-4FD910397090}.Debug|Mixed Platforms.ActiveCfg = Debug|Any CPU
		{0BAE8476-FB2B-4180-ABB5-4FD910397090}.Debug|Mixed Platforms.Build.0 = Debug|Any CPU
		{0BAE8476-FB2B-4180-ABB5-4FD910397090}.Debug|x86.ActiveCfg = Debug|Any CPU
		{0BAE8476-FB2B-4180-ABB5-4FD910397090}.Debug|x86.Build.0 = Debug|Any CPU
		{0BAE8476-FB2B-4180-ABB5-4FD910397090}.Pruebas|Any CPU.ActiveCfg = Pruebas|Any CPU
		{0BAE8476-FB2B-4180-ABB5-4FD910397090}.Pruebas|Any CPU.Build.0 = Pruebas|Any CPU
		{0BAE8476-FB2B-4180-ABB5-4FD910397090}.Pruebas|Mixed Platforms.ActiveCfg = Pruebas|Any CPU
		{0BAE8476-FB2B-4180-ABB5-4FD910397090}.Pruebas|Mixed Platforms.Build.0 = Pruebas|Any CPU
		{0BAE8476-FB2B-4180-ABB5-4FD910397090}.Pruebas|x86.ActiveCfg = Pruebas|Any CPU
		{0BAE8476-FB2B-4180-ABB5-4FD910397090}.Pruebas|x86.Build.0 = Pruebas|Any CPU
		{0BAE8476-FB2B-4180-ABB5-4FD910397090}.Release|Any CPU.ActiveCfg = Release|Any CPU
		{0BAE8476-FB2B-4180-ABB5-4FD910397090}.Release|Any CPU.Build.0 = Release|Any CPU
		{0BAE8476-FB2B-4180-ABB5-4FD910397090}.Release|Mixed Platforms.ActiveCfg = Release|Any CPU
		{0BAE8476-FB2B-4180-ABB5-4FD910397090}.Release|Mixed Platforms.Build.0 = Release|Any CPU
		{0BAE8476-FB2B-4180-ABB5-4FD910397090}.Release|x86.ActiveCfg = Release|Any CPU
		{0BAE8476-FB2B-4180-ABB5-4FD910397090}.Release|x86.Build.0 = Release|Any CPU
		{6F654FD4-6D94-4A77-9607-7861B35FDC43}.Debug|Any CPU.ActiveCfg = Debug|Any CPU
		{6F654FD4-6D94-4A77-9607-7861B35FDC43}.Debug|Any CPU.Build.0 = Debug|Any CPU
		{6F654FD4-6D94-4A77-9607-7861B35FDC43}.Debug|Mixed Platforms.ActiveCfg = Debug|Any CPU
		{6F654FD4-6D94-4A77-9607-7861B35FDC43}.Debug|Mixed Platforms.Build.0 = Debug|Any CPU
		{6F654FD4-6D94-4A77-9607-7861B35FDC43}.Debug|x86.ActiveCfg = Debug|Any CPU
		{6F654FD4-6D94-4A77-9607-7861B35FDC43}.Debug|x86.Build.0 = Debug|Any CPU
		{6F654FD4-6D94-4A77-9607-7861B35FDC43}.Pruebas|Any CPU.ActiveCfg = Pruebas|Any CPU
		{6F654FD4-6D94-4A77-9607-7861B35FDC43}.Pruebas|Any CPU.Build.0 = Pruebas|Any CPU
		{6F654FD4-6D94-4A77-9607-7861B35FDC43}.Pruebas|Mixed Platforms.ActiveCfg = Pruebas|Any CPU
		{6F654FD4-6D94-4A77-9607-7861B35FDC43}.Pruebas|Mixed Platforms.Build.0 = Pruebas|Any CPU
		{6F654FD4-6D94-4A77-9607-7861B35FDC43}.Pruebas|x86.ActiveCfg = Pruebas|Any CPU
		{6F654FD4-6D94-4A77-9607-7861B35FDC43}.Pruebas|x86.Build.0 = Pruebas|Any CPU
		{6F654FD4-6D94-4A77-9607-7861B35FDC43}.Release|Any CPU.ActiveCfg = Release|Any CPU
		{6F654FD4-6D94-4A77-9607-7861B35FDC43}.Release|Any CPU.Build.0 = Release|Any CPU
		{6F654FD4-6D94-4A77-9607-7861B35FDC43}.Release|Mixed Platforms.ActiveCfg = Release|Any CPU
		{6F654FD4-6D94-4A77-9607-7861B35FDC43}.Release|Mixed Platforms.Build.0 = Release|Any CPU
		{6F654FD4-6D94-4A77-9607-7861B35FDC43}.Release|x86.ActiveCfg = Release|Any CPU
		{6F654FD4-6D94-4A77-9607-7861B35FDC43}.Release|x86.Build.0 = Release|Any CPU
		{F6C50140-0B52-4576-B222-38491C6218A0}.Debug|Any CPU.ActiveCfg = Debug|Any CPU
		{F6C50140-0B52-4576-B222-38491C6218A0}.Debug|Any CPU.Build.0 = Debug|Any CPU
		{F6C50140-0B52-4576-B222-38491C6218A0}.Debug|Mixed Platforms.ActiveCfg = Debug|Any CPU
		{F6C50140-0B52-4576-B222-38491C6218A0}.Debug|Mixed Platforms.Build.0 = Debug|Any CPU
		{F6C50140-0B52-4576-B222-38491C6218A0}.Debug|x86.ActiveCfg = Debug|Any CPU
		{F6C50140-0B52-4576-B222-38491C6218A0}.Debug|x86.Build.0 = Debug|Any CPU
		{F6C50140-0B52-4576-B222-38491C6218A0}.Pruebas|Any CPU.ActiveCfg = Pruebas|Any CPU
		{F6C50140-0B52-4576-B222-38491C6218A0}.Pruebas|Any CPU.Build.0 = Pruebas|Any CPU
		{F6C50140-0B52-4576-B222-38491C6218A0}.Pruebas|Mixed Platforms.ActiveCfg = Pruebas|Any CPU
		{F6C50140-0B52-4576-B222-38491C6218A0}.Pruebas|Mixed Platforms.Build.0 = Pruebas|Any CPU
		{F6C50140-0B52-4576-B222-38491C6218A0}.Pruebas|x86.ActiveCfg = Pruebas|Any CPU
		{F6C50140-0B52-4576-B222-38491C6218A0}.Pruebas|x86.Build.0 = Pruebas|Any CPU
		{F6C50140-0B52-4576-B222-38491C6218A0}.Release|Any CPU.ActiveCfg = Release|Any CPU
		{F6C50140-0B52-4576-B222-38491C6218A0}.Release|Any CPU.Build.0 = Release|Any CPU
		{F6C50140-0B52-4576-B222-38491C6218A0}.Release|Mixed Platforms.ActiveCfg = Release|Any CPU
		{F6C50140-0B52-4576-B222-38491C6218A0}.Release|Mixed Platforms.Build.0 = Release|Any CPU
		{F6C50140-0B52-4576-B222-38491C6218A0}.Release|x86.ActiveCfg = Release|Any CPU
		{F6C50140-0B52-4576-B222-38491C6218A0}.Release|x86.Build.0 = Release|Any CPU
		{4FD75AC0-6DF5-4A57-8D4A-24D323BCD91A}.Debug|Any CPU.ActiveCfg = Debug|Any CPU
		{4FD75AC0-6DF5-4A57-8D4A-24D323BCD91A}.Debug|Any CPU.Build.0 = Debug|Any CPU
		{4FD75AC0-6DF5-4A57-8D4A-24D323BCD91A}.Debug|Mixed Platforms.ActiveCfg = Debug|Any CPU
		{4FD75AC0-6DF5-4A57-8D4A-24D323BCD91A}.Debug|Mixed Platforms.Build.0 = Debug|Any CPU
		{4FD75AC0-6DF5-4A57-8D4A-24D323BCD91A}.Debug|x86.ActiveCfg = Debug|Any CPU
		{4FD75AC0-6DF5-4A57-8D4A-24D323BCD91A}.Debug|x86.Build.0 = Debug|Any CPU
		{4FD75AC0-6DF5-4A57-8D4A-24D323BCD91A}.Pruebas|Any CPU.ActiveCfg = Pruebas|Any CPU
		{4FD75AC0-6DF5-4A57-8D4A-24D323BCD91A}.Pruebas|Any CPU.Build.0 = Pruebas|Any CPU
		{4FD75AC0-6DF5-4A57-8D4A-24D323BCD91A}.Pruebas|Mixed Platforms.ActiveCfg = Pruebas|Any CPU
		{4FD75AC0-6DF5-4A57-8D4A-24D323BCD91A}.Pruebas|Mixed Platforms.Build.0 = Pruebas|Any CPU
		{4FD75AC0-6DF5-4A57-8D4A-24D323BCD91A}.Pruebas|x86.ActiveCfg = Pruebas|Any CPU
		{4FD75AC0-6DF5-4A57-8D4A-24D323BCD91A}.Pruebas|x86.Build.0 = Pruebas|Any CPU
		{4FD75AC0-6DF5-4A57-8D4A-24D323BCD91A}.Release|Any CPU.ActiveCfg = Release|Any CPU
		{4FD75AC0-6DF5-4A57-8D4A-24D323BCD91A}.Release|Any CPU.Build.0 = Release|Any CPU
		{4FD75AC0-6DF5-4A57-8D4A-24D323BCD91A}.Release|Mixed Platforms.ActiveCfg = Release|Any CPU
		{4FD75AC0-6DF5-4A57-8D4A-24D323BCD91A}.Release|Mixed Platforms.Build.0 = Release|Any CPU
		{4FD75AC0-6DF5-4A57-8D4A-24D323BCD91A}.Release|x86.ActiveCfg = Release|Any CPU
		{4FD75AC0-6DF5-4A57-8D4A-24D323BCD91A}.Release|x86.Build.0 = Release|Any CPU
		{C1CC1F36-4ACE-4969-AE98-C2A253C154A0}.Debug|Any CPU.ActiveCfg = Debug|Any CPU
		{C1CC1F36-4ACE-4969-AE98-C2A253C154A0}.Debug|Any CPU.Build.0 = Debug|Any CPU
		{C1CC1F36-4ACE-4969-AE98-C2A253C154A0}.Debug|Mixed Platforms.ActiveCfg = Debug|Any CPU
		{C1CC1F36-4ACE-4969-AE98-C2A253C154A0}.Debug|Mixed Platforms.Build.0 = Debug|Any CPU
		{C1CC1F36-4ACE-4969-AE98-C2A253C154A0}.Debug|x86.ActiveCfg = Debug|Any CPU
		{C1CC1F36-4ACE-4969-AE98-C2A253C154A0}.Debug|x86.Build.0 = Debug|Any CPU
		{C1CC1F36-4ACE-4969-AE98-C2A253C154A0}.Pruebas|Any CPU.ActiveCfg = Pruebas|Any CPU
		{C1CC1F36-4ACE-4969-AE98-C2A253C154A0}.Pruebas|Any CPU.Build.0 = Pruebas|Any CPU
		{C1CC1F36-4ACE-4969-AE98-C2A253C154A0}.Pruebas|Mixed Platforms.ActiveCfg = Pruebas|Any CPU
		{C1CC1F36-4ACE-4969-AE98-C2A253C154A0}.Pruebas|Mixed Platforms.Build.0 = Pruebas|Any CPU
		{C1CC1F36-4ACE-4969-AE98-C2A253C154A0}.Pruebas|x86.ActiveCfg = Pruebas|Any CPU
		{C1CC1F36-4ACE-4969-AE98-C2A253C154A0}.Pruebas|x86.Build.0 = Pruebas|Any CPU
		{C1CC1F36-4ACE-4969-AE98-C2A253C154A0}.Release|Any CPU.ActiveCfg = Release|Any CPU
		{C1CC1F36-4ACE-4969-AE98-C2A253C154A0}.Release|Any CPU.Build.0 = Release|Any CPU
		{C1CC1F36-4ACE-4969-AE98-C2A253C154A0}.Release|Mixed Platforms.ActiveCfg = Release|Any CPU
		{C1CC1F36-4ACE-4969-AE98-C2A253C154A0}.Release|Mixed Platforms.Build.0 = Release|Any CPU
		{C1CC1F36-4ACE-4969-AE98-C2A253C154A0}.Release|x86.ActiveCfg = Release|Any CPU
		{C1CC1F36-4ACE-4969-AE98-C2A253C154A0}.Release|x86.Build.0 = Release|Any CPU
		{18081597-EE41-41A9-8586-6D5A38F6A5C3}.Debug|Any CPU.ActiveCfg = Debug|Any CPU
		{18081597-EE41-41A9-8586-6D5A38F6A5C3}.Debug|Any CPU.Build.0 = Debug|Any CPU
		{18081597-EE41-41A9-8586-6D5A38F6A5C3}.Debug|Mixed Platforms.ActiveCfg = Debug|Any CPU
		{18081597-EE41-41A9-8586-6D5A38F6A5C3}.Debug|Mixed Platforms.Build.0 = Debug|Any CPU
		{18081597-EE41-41A9-8586-6D5A38F6A5C3}.Debug|x86.ActiveCfg = Debug|Any CPU
		{18081597-EE41-41A9-8586-6D5A38F6A5C3}.Debug|x86.Build.0 = Debug|Any CPU
		{18081597-EE41-41A9-8586-6D5A38F6A5C3}.Pruebas|Any CPU.ActiveCfg = Pruebas|Any CPU
		{18081597-EE41-41A9-8586-6D5A38F6A5C3}.Pruebas|Any CPU.Build.0 = Pruebas|Any CPU
		{18081597-EE41-41A9-8586-6D5A38F6A5C3}.Pruebas|Mixed Platforms.ActiveCfg = Pruebas|Any CPU
		{18081597-EE41-41A9-8586-6D5A38F6A5C3}.Pruebas|Mixed Platforms.Build.0 = Pruebas|Any CPU
		{18081597-EE41-41A9-8586-6D5A38F6A5C3}.Pruebas|x86.ActiveCfg = Pruebas|Any CPU
		{18081597-EE41-41A9-8586-6D5A38F6A5C3}.Pruebas|x86.Build.0 = Pruebas|Any CPU
		{18081597-EE41-41A9-8586-6D5A38F6A5C3}.Release|Any CPU.ActiveCfg = Release|Any CPU
		{18081597-EE41-41A9-8586-6D5A38F6A5C3}.Release|Any CPU.Build.0 = Release|Any CPU
		{18081597-EE41-41A9-8586-6D5A38F6A5C3}.Release|Mixed Platforms.ActiveCfg = Release|Any CPU
		{18081597-EE41-41A9-8586-6D5A38F6A5C3}.Release|Mixed Platforms.Build.0 = Release|Any CPU
		{18081597-EE41-41A9-8586-6D5A38F6A5C3}.Release|x86.ActiveCfg = Release|Any CPU
		{18081597-EE41-41A9-8586-6D5A38F6A5C3}.Release|x86.Build.0 = Release|Any CPU
		{C0A92164-78E0-4961-A6E3-96835D5B37F7}.Debug|Any CPU.ActiveCfg = Debug|Any CPU
		{C0A92164-78E0-4961-A6E3-96835D5B37F7}.Debug|Any CPU.Build.0 = Debug|Any CPU
		{C0A92164-78E0-4961-A6E3-96835D5B37F7}.Debug|Mixed Platforms.ActiveCfg = Debug|Any CPU
		{C0A92164-78E0-4961-A6E3-96835D5B37F7}.Debug|Mixed Platforms.Build.0 = Debug|Any CPU
		{C0A92164-78E0-4961-A6E3-96835D5B37F7}.Debug|x86.ActiveCfg = Debug|Any CPU
		{C0A92164-78E0-4961-A6E3-96835D5B37F7}.Debug|x86.Build.0 = Debug|Any CPU
		{C0A92164-78E0-4961-A6E3-96835D5B37F7}.Pruebas|Any CPU.ActiveCfg = Pruebas|Any CPU
		{C0A92164-78E0-4961-A6E3-96835D5B37F7}.Pruebas|Any CPU.Build.0 = Pruebas|Any CPU
		{C0A92164-78E0-4961-A6E3-96835D5B37F7}.Pruebas|Mixed Platforms.ActiveCfg = Pruebas|Any CPU
		{C0A92164-78E0-4961-A6E3-96835D5B37F7}.Pruebas|Mixed Platforms.Build.0 = Pruebas|Any CPU
		{C0A92164-78E0-4961-A6E3-96835D5B37F7}.Pruebas|x86.ActiveCfg = Pruebas|Any CPU
		{C0A92164-78E0-4961-A6E3-96835D5B37F7}.Pruebas|x86.Build.0 = Pruebas|Any CPU
		{C0A92164-78E0-4961-A6E3-96835D5B37F7}.Release|Any CPU.ActiveCfg = Release|Any CPU
		{C0A92164-78E0-4961-A6E3-96835D5B37F7}.Release|Any CPU.Build.0 = Release|Any CPU
		{C0A92164-78E0-4961-A6E3-96835D5B37F7}.Release|Mixed Platforms.ActiveCfg = Release|Any CPU
		{C0A92164-78E0-4961-A6E3-96835D5B37F7}.Release|Mixed Platforms.Build.0 = Release|Any CPU
		{C0A92164-78E0-4961-A6E3-96835D5B37F7}.Release|x86.ActiveCfg = Release|Any CPU
		{C0A92164-78E0-4961-A6E3-96835D5B37F7}.Release|x86.Build.0 = Release|Any CPU
		{6AA2DC86-18C8-47DB-B806-D444F11E3B56}.Debug|Any CPU.ActiveCfg = Debug|Any CPU
		{6AA2DC86-18C8-47DB-B806-D444F11E3B56}.Debug|Any CPU.Build.0 = Debug|Any CPU
		{6AA2DC86-18C8-47DB-B806-D444F11E3B56}.Debug|Mixed Platforms.ActiveCfg = Debug|Any CPU
		{6AA2DC86-18C8-47DB-B806-D444F11E3B56}.Debug|Mixed Platforms.Build.0 = Debug|Any CPU
		{6AA2DC86-18C8-47DB-B806-D444F11E3B56}.Debug|x86.ActiveCfg = Debug|Any CPU
		{6AA2DC86-18C8-47DB-B806-D444F11E3B56}.Debug|x86.Build.0 = Debug|Any CPU
		{6AA2DC86-18C8-47DB-B806-D444F11E3B56}.Pruebas|Any CPU.ActiveCfg = Pruebas|Any CPU
		{6AA2DC86-18C8-47DB-B806-D444F11E3B56}.Pruebas|Any CPU.Build.0 = Pruebas|Any CPU
		{6AA2DC86-18C8-47DB-B806-D444F11E3B56}.Pruebas|Mixed Platforms.ActiveCfg = Pruebas|Any CPU
		{6AA2DC86-18C8-47DB-B806-D444F11E3B56}.Pruebas|Mixed Platforms.Build.0 = Pruebas|Any CPU
		{6AA2DC86-18C8-47DB-B806-D444F11E3B56}.Pruebas|x86.ActiveCfg = Pruebas|Any CPU
		{6AA2DC86-18C8-47DB-B806-D444F11E3B56}.Pruebas|x86.Build.0 = Pruebas|Any CPU
		{6AA2DC86-18C8-47DB-B806-D444F11E3B56}.Release|Any CPU.ActiveCfg = Release|Any CPU
		{6AA2DC86-18C8-47DB-B806-D444F11E3B56}.Release|Any CPU.Build.0 = Release|Any CPU
		{6AA2DC86-18C8-47DB-B806-D444F11E3B56}.Release|Mixed Platforms.ActiveCfg = Release|Any CPU
		{6AA2DC86-18C8-47DB-B806-D444F11E3B56}.Release|Mixed Platforms.Build.0 = Release|Any CPU
		{6AA2DC86-18C8-47DB-B806-D444F11E3B56}.Release|x86.ActiveCfg = Release|Any CPU
		{6AA2DC86-18C8-47DB-B806-D444F11E3B56}.Release|x86.Build.0 = Release|Any CPU
		{67820087-C23B-4A43-8AC6-8242134C44CA}.Debug|Any CPU.ActiveCfg = Debug|Any CPU
		{67820087-C23B-4A43-8AC6-8242134C44CA}.Debug|Any CPU.Build.0 = Debug|Any CPU
		{67820087-C23B-4A43-8AC6-8242134C44CA}.Debug|Mixed Platforms.ActiveCfg = Debug|Any CPU
		{67820087-C23B-4A43-8AC6-8242134C44CA}.Debug|Mixed Platforms.Build.0 = Debug|Any CPU
		{67820087-C23B-4A43-8AC6-8242134C44CA}.Debug|x86.ActiveCfg = Debug|Any CPU
		{67820087-C23B-4A43-8AC6-8242134C44CA}.Debug|x86.Build.0 = Debug|Any CPU
		{67820087-C23B-4A43-8AC6-8242134C44CA}.Pruebas|Any CPU.ActiveCfg = Pruebas|Any CPU
		{67820087-C23B-4A43-8AC6-8242134C44CA}.Pruebas|Any CPU.Build.0 = Pruebas|Any CPU
		{67820087-C23B-4A43-8AC6-8242134C44CA}.Pruebas|Mixed Platforms.ActiveCfg = Pruebas|Any CPU
		{67820087-C23B-4A43-8AC6-8242134C44CA}.Pruebas|Mixed Platforms.Build.0 = Pruebas|Any CPU
		{67820087-C23B-4A43-8AC6-8242134C44CA}.Pruebas|x86.ActiveCfg = Pruebas|Any CPU
		{67820087-C23B-4A43-8AC6-8242134C44CA}.Pruebas|x86.Build.0 = Pruebas|Any CPU
		{67820087-C23B-4A43-8AC6-8242134C44CA}.Release|Any CPU.ActiveCfg = Release|Any CPU
		{67820087-C23B-4A43-8AC6-8242134C44CA}.Release|Any CPU.Build.0 = Release|Any CPU
		{67820087-C23B-4A43-8AC6-8242134C44CA}.Release|Mixed Platforms.ActiveCfg = Release|Any CPU
		{67820087-C23B-4A43-8AC6-8242134C44CA}.Release|Mixed Platforms.Build.0 = Release|Any CPU
		{67820087-C23B-4A43-8AC6-8242134C44CA}.Release|x86.ActiveCfg = Release|Any CPU
		{67820087-C23B-4A43-8AC6-8242134C44CA}.Release|x86.Build.0 = Release|Any CPU
		{25EE18CB-2CF7-4761-A008-16176C78A5B1}.Debug|Any CPU.ActiveCfg = Debug|Any CPU
		{25EE18CB-2CF7-4761-A008-16176C78A5B1}.Debug|Any CPU.Build.0 = Debug|Any CPU
		{25EE18CB-2CF7-4761-A008-16176C78A5B1}.Debug|Mixed Platforms.ActiveCfg = Debug|Any CPU
		{25EE18CB-2CF7-4761-A008-16176C78A5B1}.Debug|Mixed Platforms.Build.0 = Debug|Any CPU
		{25EE18CB-2CF7-4761-A008-16176C78A5B1}.Debug|x86.ActiveCfg = Debug|Any CPU
		{25EE18CB-2CF7-4761-A008-16176C78A5B1}.Debug|x86.Build.0 = Debug|Any CPU
		{25EE18CB-2CF7-4761-A008-16176C78A5B1}.Pruebas|Any CPU.ActiveCfg = Pruebas|Any CPU
		{25EE18CB-2CF7-4761-A008-16176C78A5B1}.Pruebas|Any CPU.Build.0 = Pruebas|Any CPU
		{25EE18CB-2CF7-4761-A008-16176C78A5B1}.Pruebas|Mixed Platforms.ActiveCfg = Pruebas|Any CPU
		{25EE18CB-2CF7-4761-A008-16176C78A5B1}.Pruebas|Mixed Platforms.Build.0 = Pruebas|Any CPU
		{25EE18CB-2CF7-4761-A008-16176C78A5B1}.Pruebas|x86.ActiveCfg = Pruebas|Any CPU
		{25EE18CB-2CF7-4761-A008-16176C78A5B1}.Pruebas|x86.Build.0 = Pruebas|Any CPU
		{25EE18CB-2CF7-4761-A008-16176C78A5B1}.Release|Any CPU.ActiveCfg = Release|Any CPU
		{25EE18CB-2CF7-4761-A008-16176C78A5B1}.Release|Any CPU.Build.0 = Release|Any CPU
		{25EE18CB-2CF7-4761-A008-16176C78A5B1}.Release|Mixed Platforms.ActiveCfg = Release|Any CPU
		{25EE18CB-2CF7-4761-A008-16176C78A5B1}.Release|Mixed Platforms.Build.0 = Release|Any CPU
		{25EE18CB-2CF7-4761-A008-16176C78A5B1}.Release|x86.ActiveCfg = Release|Any CPU
		{25EE18CB-2CF7-4761-A008-16176C78A5B1}.Release|x86.Build.0 = Release|Any CPU
		{D97017C4-A10F-4127-B3BC-797016CA3B83}.Debug|Any CPU.ActiveCfg = Debug|Any CPU
		{D97017C4-A10F-4127-B3BC-797016CA3B83}.Debug|Any CPU.Build.0 = Debug|Any CPU
		{D97017C4-A10F-4127-B3BC-797016CA3B83}.Debug|Mixed Platforms.ActiveCfg = Debug|Any CPU
		{D97017C4-A10F-4127-B3BC-797016CA3B83}.Debug|Mixed Platforms.Build.0 = Debug|Any CPU
		{D97017C4-A10F-4127-B3BC-797016CA3B83}.Debug|x86.ActiveCfg = Debug|Any CPU
		{D97017C4-A10F-4127-B3BC-797016CA3B83}.Debug|x86.Build.0 = Debug|Any CPU
		{D97017C4-A10F-4127-B3BC-797016CA3B83}.Pruebas|Any CPU.ActiveCfg = Pruebas|Any CPU
		{D97017C4-A10F-4127-B3BC-797016CA3B83}.Pruebas|Any CPU.Build.0 = Pruebas|Any CPU
		{D97017C4-A10F-4127-B3BC-797016CA3B83}.Pruebas|Mixed Platforms.ActiveCfg = Release|Any CPU
		{D97017C4-A10F-4127-B3BC-797016CA3B83}.Pruebas|Mixed Platforms.Build.0 = Release|Any CPU
		{D97017C4-A10F-4127-B3BC-797016CA3B83}.Pruebas|x86.ActiveCfg = Release|Any CPU
		{D97017C4-A10F-4127-B3BC-797016CA3B83}.Pruebas|x86.Build.0 = Release|Any CPU
		{D97017C4-A10F-4127-B3BC-797016CA3B83}.Release|Any CPU.ActiveCfg = Release|Any CPU
		{D97017C4-A10F-4127-B3BC-797016CA3B83}.Release|Any CPU.Build.0 = Release|Any CPU
		{D97017C4-A10F-4127-B3BC-797016CA3B83}.Release|Mixed Platforms.ActiveCfg = Release|Any CPU
		{D97017C4-A10F-4127-B3BC-797016CA3B83}.Release|Mixed Platforms.Build.0 = Release|Any CPU
		{D97017C4-A10F-4127-B3BC-797016CA3B83}.Release|x86.ActiveCfg = Release|Any CPU
		{D97017C4-A10F-4127-B3BC-797016CA3B83}.Release|x86.Build.0 = Release|Any CPU
		{854DAAFB-0BE3-4C89-A728-17F50C12F947}.Debug|Any CPU.ActiveCfg = Debug|Any CPU
		{854DAAFB-0BE3-4C89-A728-17F50C12F947}.Debug|Any CPU.Build.0 = Debug|Any CPU
		{854DAAFB-0BE3-4C89-A728-17F50C12F947}.Debug|Mixed Platforms.ActiveCfg = Debug|Any CPU
		{854DAAFB-0BE3-4C89-A728-17F50C12F947}.Debug|Mixed Platforms.Build.0 = Debug|Any CPU
		{854DAAFB-0BE3-4C89-A728-17F50C12F947}.Debug|x86.ActiveCfg = Debug|Any CPU
		{854DAAFB-0BE3-4C89-A728-17F50C12F947}.Debug|x86.Build.0 = Debug|Any CPU
		{854DAAFB-0BE3-4C89-A728-17F50C12F947}.Pruebas|Any CPU.ActiveCfg = Pruebas|Any CPU
		{854DAAFB-0BE3-4C89-A728-17F50C12F947}.Pruebas|Any CPU.Build.0 = Pruebas|Any CPU
		{854DAAFB-0BE3-4C89-A728-17F50C12F947}.Pruebas|Mixed Platforms.ActiveCfg = Release|Any CPU
		{854DAAFB-0BE3-4C89-A728-17F50C12F947}.Pruebas|Mixed Platforms.Build.0 = Release|Any CPU
		{854DAAFB-0BE3-4C89-A728-17F50C12F947}.Pruebas|x86.ActiveCfg = Release|Any CPU
		{854DAAFB-0BE3-4C89-A728-17F50C12F947}.Pruebas|x86.Build.0 = Release|Any CPU
		{854DAAFB-0BE3-4C89-A728-17F50C12F947}.Release|Any CPU.ActiveCfg = Release|Any CPU
		{854DAAFB-0BE3-4C89-A728-17F50C12F947}.Release|Any CPU.Build.0 = Release|Any CPU
		{854DAAFB-0BE3-4C89-A728-17F50C12F947}.Release|Mixed Platforms.ActiveCfg = Release|Any CPU
		{854DAAFB-0BE3-4C89-A728-17F50C12F947}.Release|Mixed Platforms.Build.0 = Release|Any CPU
		{854DAAFB-0BE3-4C89-A728-17F50C12F947}.Release|x86.ActiveCfg = Release|Any CPU
		{854DAAFB-0BE3-4C89-A728-17F50C12F947}.Release|x86.Build.0 = Release|Any CPU
		{70A6438C-A7B7-4CBB-ACCF-467988FDFA4A}.Debug|Any CPU.ActiveCfg = Debug|Any CPU
		{70A6438C-A7B7-4CBB-ACCF-467988FDFA4A}.Debug|Any CPU.Build.0 = Debug|Any CPU
		{70A6438C-A7B7-4CBB-ACCF-467988FDFA4A}.Debug|Mixed Platforms.ActiveCfg = Debug|Any CPU
		{70A6438C-A7B7-4CBB-ACCF-467988FDFA4A}.Debug|Mixed Platforms.Build.0 = Debug|Any CPU
		{70A6438C-A7B7-4CBB-ACCF-467988FDFA4A}.Debug|x86.ActiveCfg = Debug|Any CPU
		{70A6438C-A7B7-4CBB-ACCF-467988FDFA4A}.Debug|x86.Build.0 = Debug|Any CPU
		{70A6438C-A7B7-4CBB-ACCF-467988FDFA4A}.Pruebas|Any CPU.ActiveCfg = Pruebas|Any CPU
		{70A6438C-A7B7-4CBB-ACCF-467988FDFA4A}.Pruebas|Any CPU.Build.0 = Pruebas|Any CPU
		{70A6438C-A7B7-4CBB-ACCF-467988FDFA4A}.Pruebas|Mixed Platforms.ActiveCfg = Release|Any CPU
		{70A6438C-A7B7-4CBB-ACCF-467988FDFA4A}.Pruebas|Mixed Platforms.Build.0 = Release|Any CPU
		{70A6438C-A7B7-4CBB-ACCF-467988FDFA4A}.Pruebas|x86.ActiveCfg = Release|Any CPU
		{70A6438C-A7B7-4CBB-ACCF-467988FDFA4A}.Pruebas|x86.Build.0 = Release|Any CPU
		{70A6438C-A7B7-4CBB-ACCF-467988FDFA4A}.Release|Any CPU.ActiveCfg = Release|Any CPU
		{70A6438C-A7B7-4CBB-ACCF-467988FDFA4A}.Release|Any CPU.Build.0 = Release|Any CPU
		{70A6438C-A7B7-4CBB-ACCF-467988FDFA4A}.Release|Mixed Platforms.ActiveCfg = Release|Any CPU
		{70A6438C-A7B7-4CBB-ACCF-467988FDFA4A}.Release|Mixed Platforms.Build.0 = Release|Any CPU
		{70A6438C-A7B7-4CBB-ACCF-467988FDFA4A}.Release|x86.ActiveCfg = Release|Any CPU
		{70A6438C-A7B7-4CBB-ACCF-467988FDFA4A}.Release|x86.Build.0 = Release|Any CPU
	EndGlobalSection
	GlobalSection(SolutionProperties) = preSolution
		HideSolutionNode = FALSE
	EndGlobalSection
	GlobalSection(NestedProjects) = preSolution
		{40F82E5B-A730-4397-BA30-3B94664477E9} = {0E1591CA-AE92-4726-ABBB-EFBAAD58EE1A}
		{B0A55BD8-2B95-4DE4-A7C5-30346AE0D9CE} = {0E1591CA-AE92-4726-ABBB-EFBAAD58EE1A}
		{A1F178DA-8F6E-43AD-93C8-0E40C309E1F0} = {0E1591CA-AE92-4726-ABBB-EFBAAD58EE1A}
		{22E80C55-EA4B-4074-82BE-C031BFC51C43} = {0E1591CA-AE92-4726-ABBB-EFBAAD58EE1A}
		{A981D17F-F005-47F2-A65D-DFF6E37CDBD3} = {0E1591CA-AE92-4726-ABBB-EFBAAD58EE1A}
		{77C3AE6E-B10F-4545-A810-607B148FEDB1} = {D9770643-7163-486B-A791-54725F41D2CE}
		{06A2973C-9FF9-44DF-B983-6BDA7DBC0519} = {FD3E4F60-1455-45BC-B532-C5C241F4CD9E}
		{41623147-FCA7-4591-9170-00C81442777B} = {19BEE7E1-1295-4EAB-8FB9-727CEE55D7D4}
		{D7BCF119-040C-4C76-8392-913838E9CF21} = {19BEE7E1-1295-4EAB-8FB9-727CEE55D7D4}
		{FA1B2503-9758-449A-83C8-9A741786A2A3} = {19BEE7E1-1295-4EAB-8FB9-727CEE55D7D4}
		{60B4D595-3689-4E29-BDA1-21912BA32231} = {19BEE7E1-1295-4EAB-8FB9-727CEE55D7D4}
		{4EE56908-53CB-4A50-BAE0-7B1DA48B41B5} = {19BEE7E1-1295-4EAB-8FB9-727CEE55D7D4}
		{1711ED94-83DB-44CD-A837-62D3384BC9A7} = {EF4EDB83-806C-4B10-8146-68D8A1B44C95}
		{7D09816B-36A7-42EA-92A1-CACE3CAAA380} = {EF4EDB83-806C-4B10-8146-68D8A1B44C95}
		{814B32F1-0C64-4914-8AC5-8469D48EDA8D} = {EF4EDB83-806C-4B10-8146-68D8A1B44C95}
		{AC8C46EB-E356-42AD-AE2B-350EB81C63BA} = {EF4EDB83-806C-4B10-8146-68D8A1B44C95}
		{6A59C841-0997-41A1-AB9D-0CAE3C35061C} = {EF4EDB83-806C-4B10-8146-68D8A1B44C95}
		{3D03C9BC-BB14-4F63-8453-78D6CB668FC4} = {EA4F8A4D-257F-44A2-BC3F-5E04934A0B50}
		{170D9BB4-C8FF-440B-93B2-4E35AB2CC155} = {EA4F8A4D-257F-44A2-BC3F-5E04934A0B50}
		{4949B1C2-6C67-4F61-B472-15046780FCAF} = {EA4F8A4D-257F-44A2-BC3F-5E04934A0B50}
		{5DA853DD-F55C-413F-8354-E8EA2F7F0CF4} = {EA4F8A4D-257F-44A2-BC3F-5E04934A0B50}
		{67496A68-CF31-4106-85A4-0F7BA357FD38} = {EA4F8A4D-257F-44A2-BC3F-5E04934A0B50}
		{75F7BCBE-E398-4E63-A51F-A930AEFFAF67} = {3C61E608-794A-4001-B96D-79063465E98A}
		{EBFB5500-D2E3-4CBD-981F-8502A3D19436} = {3C61E608-794A-4001-B96D-79063465E98A}
		{0BAE8476-FB2B-4180-ABB5-4FD910397090} = {3C61E608-794A-4001-B96D-79063465E98A}
		{6F654FD4-6D94-4A77-9607-7861B35FDC43} = {3C61E608-794A-4001-B96D-79063465E98A}
		{F6C50140-0B52-4576-B222-38491C6218A0} = {A3F31B96-F1CA-4D34-86FE-0A2462CF369E}
		{4FD75AC0-6DF5-4A57-8D4A-24D323BCD91A} = {A3F31B96-F1CA-4D34-86FE-0A2462CF369E}
		{1A979209-C71E-4553-AEC1-740C002E3873} = {FD3E4F60-1455-45BC-B532-C5C241F4CD9E}
		{E5456602-229A-47F1-8306-58E38BA30649} = {FD3E4F60-1455-45BC-B532-C5C241F4CD9E}
		{2BE0D59B-72A4-41D3-94F4-F4449FB5BAA9} = {E5456602-229A-47F1-8306-58E38BA30649}
		{BA5E98AB-A275-4695-A9AD-9613EE1BB8C4} = {2BE0D59B-72A4-41D3-94F4-F4449FB5BAA9}
		{19FB24EB-1ABA-4C39-B43B-A4CBEE993A09} = {FD3E4F60-1455-45BC-B532-C5C241F4CD9E}
		{BE27CE18-34F0-4818-A856-BE369E6F85EC} = {19FB24EB-1ABA-4C39-B43B-A4CBEE993A09}
		{991A082A-6DFE-4E61-A006-BF1B9307F8AE} = {19FB24EB-1ABA-4C39-B43B-A4CBEE993A09}
		{10EB58E6-A6EA-409D-A0D9-9A3281536D89} = {19FB24EB-1ABA-4C39-B43B-A4CBEE993A09}
		{9E080CD4-0EAB-4A84-8B99-2BB056B5110F} = {19FB24EB-1ABA-4C39-B43B-A4CBEE993A09}
		{1D1CF4BC-4EE6-461A-8082-1EC43D180DDA} = {19FB24EB-1ABA-4C39-B43B-A4CBEE993A09}
		{6AA2DC86-18C8-47DB-B806-D444F11E3B56} = {3C61E608-794A-4001-B96D-79063465E98A}
		{F193B4E6-BF82-48AA-AA0C-4E14623DEDF8} = {E18CAA59-3DF4-4A11-AE9D-67F55BA8E400}
		{67820087-C23B-4A43-8AC6-8242134C44CA} = {F193B4E6-BF82-48AA-AA0C-4E14623DEDF8}
		{25EE18CB-2CF7-4761-A008-16176C78A5B1} = {F193B4E6-BF82-48AA-AA0C-4E14623DEDF8}
		{B4CF4A85-BE04-4A7E-B2BA-769F32C6C795} = {E18CAA59-3DF4-4A11-AE9D-67F55BA8E400}
		{D97017C4-A10F-4127-B3BC-797016CA3B83} = {B4CF4A85-BE04-4A7E-B2BA-769F32C6C795}
		{854DAAFB-0BE3-4C89-A728-17F50C12F947} = {F193B4E6-BF82-48AA-AA0C-4E14623DEDF8}
		{70A6438C-A7B7-4CBB-ACCF-467988FDFA4A} = {F193B4E6-BF82-48AA-AA0C-4E14623DEDF8}
	EndGlobalSection
EndGlobal
